// !$*UTF8*$!
{
	archiveVersion = 1;
	classes = {
	};
	objectVersion = 77;
	objects = {

/* Begin PBXBuildFile section */
		A327A9182D18F75C00A2D292 /* epac-clip.app in Embed App Clips */ = {isa = PBXBuildFile; fileRef = A327A9092D18F75B00A2D292 /* epac-clip.app */; settings = {ATTRIBUTES = (RemoveHeadersOnCopy, ); }; };
		A327A9342D18FA2F00A2D292 /* ExyteChat in Frameworks */ = {isa = PBXBuildFile; productRef = A327A9332D18FA2F00A2D292 /* ExyteChat */; };
		A327A9372D18FA7C00A2D292 /* ExyteChat in Frameworks */ = {isa = PBXBuildFile; productRef = A327A9362D18FA7C00A2D292 /* ExyteChat */; };
		A327A9392D18FA8D00A2D292 /* SWXMLHash in Frameworks */ = {isa = PBXBuildFile; productRef = A327A9382D18FA8D00A2D292 /* SWXMLHash */; };
		A327A93B2D18FAA400A2D292 /* ActivityView in Frameworks */ = {isa = PBXBuildFile; productRef = A327A93A2D18FAA400A2D292 /* ActivityView */; };
		A327A93D2D18FAAE00A2D292 /* Kanna in Frameworks */ = {isa = PBXBuildFile; productRef = A327A93C2D18FAAE00A2D292 /* Kanna */; };
		A34F7CD22D13ADD70004C905 /* ActivityView in Frameworks */ = {isa = PBXBuildFile; productRef = A34F7CD12D13ADD70004C905 /* ActivityView */; };
		A366154B2D0A24DD00A3FBF7 /* Kanna in Frameworks */ = {isa = PBXBuildFile; productRef = A366154A2D0A24DD00A3FBF7 /* Kanna */; };
		A36615842D0A261300A3FBF7 /* SWXMLHash in Frameworks */ = {isa = PBXBuildFile; productRef = A36615832D0A261300A3FBF7 /* SWXMLHash */; };
		A3A1027A2D11C73A002F3ACE /* ExyteChat in Frameworks */ = {isa = PBXBuildFile; productRef = A3A102792D11C73A002F3ACE /* ExyteChat */; };
/* End PBXBuildFile section */

/* Begin PBXContainerItemProxy section */
		A327A9162D18F75C00A2D292 /* PBXContainerItemProxy */ = {
			isa = PBXContainerItemProxy;
			containerPortal = A38427BB2D062C8D00271C34 /* Project object */;
			proxyType = 1;
			remoteGlobalIDString = A327A9082D18F75B00A2D292;
			remoteInfo = "epac-clip";
		};
		A38427D72D062C8E00271C34 /* PBXContainerItemProxy */ = {
			isa = PBXContainerItemProxy;
			containerPortal = A38427BB2D062C8D00271C34 /* Project object */;
			proxyType = 1;
			remoteGlobalIDString = A38427C22D062C8D00271C34;
			remoteInfo = epac;
		};
		A38427E12D062C8E00271C34 /* PBXContainerItemProxy */ = {
			isa = PBXContainerItemProxy;
			containerPortal = A38427BB2D062C8D00271C34 /* Project object */;
			proxyType = 1;
			remoteGlobalIDString = A38427C22D062C8D00271C34;
			remoteInfo = epac;
		};
/* End PBXContainerItemProxy section */

/* Begin PBXCopyFilesBuildPhase section */
		A327A9192D18F75C00A2D292 /* Embed App Clips */ = {
			isa = PBXCopyFilesBuildPhase;
			buildActionMask = 2147483647;
			dstPath = "$(CONTENTS_FOLDER_PATH)/AppClips";
			dstSubfolderSpec = 16;
			files = (
				A327A9182D18F75C00A2D292 /* epac-clip.app in Embed App Clips */,
			);
			name = "Embed App Clips";
			runOnlyForDeploymentPostprocessing = 0;
		};
/* End PBXCopyFilesBuildPhase section */

/* Begin PBXFileReference section */
		A327A9092D18F75B00A2D292 /* epac-clip.app */ = {isa = PBXFileReference; explicitFileType = wrapper.application; includeInIndex = 0; path = "epac-clip.app"; sourceTree = BUILT_PRODUCTS_DIR; };
		A38427C32D062C8D00271C34 /* epac.app */ = {isa = PBXFileReference; explicitFileType = wrapper.application; includeInIndex = 0; path = epac.app; sourceTree = BUILT_PRODUCTS_DIR; };
		A38427D62D062C8E00271C34 /* epacTests.xctest */ = {isa = PBXFileReference; explicitFileType = wrapper.cfbundle; includeInIndex = 0; path = epacTests.xctest; sourceTree = BUILT_PRODUCTS_DIR; };
		A38427E02D062C8E00271C34 /* epacUITests.xctest */ = {isa = PBXFileReference; explicitFileType = wrapper.cfbundle; includeInIndex = 0; path = epacUITests.xctest; sourceTree = BUILT_PRODUCTS_DIR; };
/* End PBXFileReference section */

/* Begin PBXFileSystemSynchronizedBuildFileExceptionSet section */
		A327A91D2D18F75C00A2D292 /* Exceptions for "epac-clip" folder in "epac-clip" target */ = {
			isa = PBXFileSystemSynchronizedBuildFileExceptionSet;
			membershipExceptions = (
				Assets.xcassets,
				Info.plist,
			);
			target = A327A9082D18F75B00A2D292 /* epac-clip */;
		};
		A327A91F2D18F7C800A2D292 /* Exceptions for "epac" folder in "epac-clip" target */ = {
			isa = PBXFileSystemSynchronizedBuildFileExceptionSet;
			membershipExceptions = (
				Assets.xcassets,
				Model_Old/PhotoProvider.swift,
				Model/Fetch.swift,
				Model/Model.swift,
				"Model/Model+Hansard.swift",
				Model/ViewModel.swift,
				Util/Appearance.swift,
				Util/DateUtils.swift,
				Util/Disk.swift,
				Util/Downloader.swift,
				Util/File.swift,
				Util/XMLBro.swift,
				Views/CalendarView.swift,
				Views/SittingCalendarView.swift,
				Views/SittingView.swift,
				Views/SpeakerView.swift,
				Views/SpeechView.swift,
				Views/SubjectView.swift,
				Views/TypingIndicator.swift,
			);
			target = A327A9082D18F75B00A2D292 /* epac-clip */;
		};
		A3B351552D0B2D4C009864C6 /* Exceptions for "epac" folder in "epac" target */ = {
			isa = PBXFileSystemSynchronizedBuildFileExceptionSet;
			membershipExceptions = (
				Info.plist,
				Model_Old/Committee.swift,
				Model_Old/CommitteeEvidence.swift,
				Model_Old/CommitteeModel.swift,
				Model_Old/Debate.swift,
				Model_Old/Parliament.swift,
				Model_Old/Party.swift,
				Model_Old/Speaker.swift,
				Model_Old/Speech.swift,
				Model_Old/Topic.swift,
				Model_Old/XMLObjects.swift,
				Util/CommitteeDownloader.swift,
				Views/SpeechView2.swift,
			);
			target = A38427C22D062C8D00271C34 /* epac */;
		};
/* End PBXFileSystemSynchronizedBuildFileExceptionSet section */

/* Begin PBXFileSystemSynchronizedRootGroup section */
		A327A90A2D18F75B00A2D292 /* epac-clip */ = {
			isa = PBXFileSystemSynchronizedRootGroup;
			exceptions = (
				A327A91D2D18F75C00A2D292 /* Exceptions for "epac-clip" folder in "epac-clip" target */,
			);
			path = "epac-clip";
			sourceTree = "<group>";
		};
		A38427C52D062C8D00271C34 /* epac */ = {
			isa = PBXFileSystemSynchronizedRootGroup;
			exceptions = (
				A3B351552D0B2D4C009864C6 /* Exceptions for "epac" folder in "epac" target */,
				A327A91F2D18F7C800A2D292 /* Exceptions for "epac" folder in "epac-clip" target */,
			);
			path = epac;
			sourceTree = "<group>";
		};
		A38427D92D062C8E00271C34 /* epacTests */ = {
			isa = PBXFileSystemSynchronizedRootGroup;
			path = epacTests;
			sourceTree = "<group>";
		};
		A38427E32D062C8E00271C34 /* epacUITests */ = {
			isa = PBXFileSystemSynchronizedRootGroup;
			path = epacUITests;
			sourceTree = "<group>";
		};
/* End PBXFileSystemSynchronizedRootGroup section */

/* Begin PBXFrameworksBuildPhase section */
		A327A9062D18F75B00A2D292 /* Frameworks */ = {
			isa = PBXFrameworksBuildPhase;
			buildActionMask = 2147483647;
			files = (
				A327A9392D18FA8D00A2D292 /* SWXMLHash in Frameworks */,
				A327A93B2D18FAA400A2D292 /* ActivityView in Frameworks */,
				A327A93D2D18FAAE00A2D292 /* Kanna in Frameworks */,
				A327A9372D18FA7C00A2D292 /* ExyteChat in Frameworks */,
			);
			runOnlyForDeploymentPostprocessing = 0;
		};
		A38427C02D062C8D00271C34 /* Frameworks */ = {
			isa = PBXFrameworksBuildPhase;
			buildActionMask = 2147483647;
			files = (
				A34F7CD22D13ADD70004C905 /* ActivityView in Frameworks */,
				A36615842D0A261300A3FBF7 /* SWXMLHash in Frameworks */,
				A327A9342D18FA2F00A2D292 /* ExyteChat in Frameworks */,
				A366154B2D0A24DD00A3FBF7 /* Kanna in Frameworks */,
				A3A1027A2D11C73A002F3ACE /* ExyteChat in Frameworks */,
			);
			runOnlyForDeploymentPostprocessing = 0;
		};
		A38427D32D062C8E00271C34 /* Frameworks */ = {
			isa = PBXFrameworksBuildPhase;
			buildActionMask = 2147483647;
			files = (
			);
			runOnlyForDeploymentPostprocessing = 0;
		};
		A38427DD2D062C8E00271C34 /* Frameworks */ = {
			isa = PBXFrameworksBuildPhase;
			buildActionMask = 2147483647;
			files = (
			);
			runOnlyForDeploymentPostprocessing = 0;
		};
/* End PBXFrameworksBuildPhase section */

/* Begin PBXGroup section */
		A327A9352D18FA7C00A2D292 /* Frameworks */ = {
			isa = PBXGroup;
			children = (
			);
			name = Frameworks;
			sourceTree = "<group>";
		};
		A38427BA2D062C8D00271C34 = {
			isa = PBXGroup;
			children = (
				A38427C52D062C8D00271C34 /* epac */,
				A38427D92D062C8E00271C34 /* epacTests */,
				A38427E32D062C8E00271C34 /* epacUITests */,
				A327A90A2D18F75B00A2D292 /* epac-clip */,
				A327A9352D18FA7C00A2D292 /* Frameworks */,
				A38427C42D062C8D00271C34 /* Products */,
			);
			sourceTree = "<group>";
		};
		A38427C42D062C8D00271C34 /* Products */ = {
			isa = PBXGroup;
			children = (
				A38427C32D062C8D00271C34 /* epac.app */,
				A38427D62D062C8E00271C34 /* epacTests.xctest */,
				A38427E02D062C8E00271C34 /* epacUITests.xctest */,
				A327A9092D18F75B00A2D292 /* epac-clip.app */,
			);
			name = Products;
			sourceTree = "<group>";
		};
/* End PBXGroup section */

/* Begin PBXNativeTarget section */
		A327A9082D18F75B00A2D292 /* epac-clip */ = {
			isa = PBXNativeTarget;
			buildConfigurationList = A327A91C2D18F75C00A2D292 /* Build configuration list for PBXNativeTarget "epac-clip" */;
			buildPhases = (
				A327A9052D18F75B00A2D292 /* Sources */,
				A327A9062D18F75B00A2D292 /* Frameworks */,
				A327A9072D18F75B00A2D292 /* Resources */,
			);
			buildRules = (
			);
			dependencies = (
			);
			fileSystemSynchronizedGroups = (
				A327A90A2D18F75B00A2D292 /* epac-clip */,
			);
			name = "epac-clip";
			packageProductDependencies = (
				A327A9362D18FA7C00A2D292 /* ExyteChat */,
				A327A9382D18FA8D00A2D292 /* SWXMLHash */,
				A327A93A2D18FAA400A2D292 /* ActivityView */,
				A327A93C2D18FAAE00A2D292 /* Kanna */,
			);
			productName = "epac-clip";
			productReference = A327A9092D18F75B00A2D292 /* epac-clip.app */;
			productType = "com.apple.product-type.application.on-demand-install-capable";
		};
		A38427C22D062C8D00271C34 /* epac */ = {
			isa = PBXNativeTarget;
			buildConfigurationList = A38427EA2D062C8E00271C34 /* Build configuration list for PBXNativeTarget "epac" */;
			buildPhases = (
				A38427BF2D062C8D00271C34 /* Sources */,
				A38427C02D062C8D00271C34 /* Frameworks */,
				A38427C12D062C8D00271C34 /* Resources */,
				A327A9192D18F75C00A2D292 /* Embed App Clips */,
			);
			buildRules = (
			);
			dependencies = (
				A327A9172D18F75C00A2D292 /* PBXTargetDependency */,
			);
			fileSystemSynchronizedGroups = (
				A38427C52D062C8D00271C34 /* epac */,
			);
			name = epac;
			packageProductDependencies = (
				A366154A2D0A24DD00A3FBF7 /* Kanna */,
				A36615832D0A261300A3FBF7 /* SWXMLHash */,
				A3A102792D11C73A002F3ACE /* ExyteChat */,
				A34F7CD12D13ADD70004C905 /* ActivityView */,
				A327A9332D18FA2F00A2D292 /* ExyteChat */,
			);
			productName = epac;
			productReference = A38427C32D062C8D00271C34 /* epac.app */;
			productType = "com.apple.product-type.application";
		};
		A38427D52D062C8E00271C34 /* epacTests */ = {
			isa = PBXNativeTarget;
			buildConfigurationList = A38427ED2D062C8E00271C34 /* Build configuration list for PBXNativeTarget "epacTests" */;
			buildPhases = (
				A38427D22D062C8E00271C34 /* Sources */,
				A38427D32D062C8E00271C34 /* Frameworks */,
				A38427D42D062C8E00271C34 /* Resources */,
			);
			buildRules = (
			);
			dependencies = (
				A38427D82D062C8E00271C34 /* PBXTargetDependency */,
			);
			fileSystemSynchronizedGroups = (
				A38427D92D062C8E00271C34 /* epacTests */,
			);
			name = epacTests;
			packageProductDependencies = (
			);
			productName = epacTests;
			productReference = A38427D62D062C8E00271C34 /* epacTests.xctest */;
			productType = "com.apple.product-type.bundle.unit-test";
		};
		A38427DF2D062C8E00271C34 /* epacUITests */ = {
			isa = PBXNativeTarget;
			buildConfigurationList = A38427F02D062C8E00271C34 /* Build configuration list for PBXNativeTarget "epacUITests" */;
			buildPhases = (
				A38427DC2D062C8E00271C34 /* Sources */,
				A38427DD2D062C8E00271C34 /* Frameworks */,
				A38427DE2D062C8E00271C34 /* Resources */,
			);
			buildRules = (
			);
			dependencies = (
				A38427E22D062C8E00271C34 /* PBXTargetDependency */,
			);
			fileSystemSynchronizedGroups = (
				A38427E32D062C8E00271C34 /* epacUITests */,
			);
			name = epacUITests;
			packageProductDependencies = (
			);
			productName = epacUITests;
			productReference = A38427E02D062C8E00271C34 /* epacUITests.xctest */;
			productType = "com.apple.product-type.bundle.ui-testing";
		};
/* End PBXNativeTarget section */

/* Begin PBXProject section */
		A38427BB2D062C8D00271C34 /* Project object */ = {
			isa = PBXProject;
			attributes = {
				BuildIndependentTargetsInParallel = 1;
				LastSwiftUpdateCheck = 1620;
				LastUpgradeCheck = 1610;
				TargetAttributes = {
					A327A9082D18F75B00A2D292 = {
						CreatedOnToolsVersion = 16.2;
					};
					A38427C22D062C8D00271C34 = {
						CreatedOnToolsVersion = 16.1;
					};
					A38427D52D062C8E00271C34 = {
						CreatedOnToolsVersion = 16.1;
						TestTargetID = A38427C22D062C8D00271C34;
					};
					A38427DF2D062C8E00271C34 = {
						CreatedOnToolsVersion = 16.1;
						TestTargetID = A38427C22D062C8D00271C34;
					};
				};
			};
			buildConfigurationList = A38427BE2D062C8D00271C34 /* Build configuration list for PBXProject "epac" */;
			developmentRegion = en;
			hasScannedForEncodings = 0;
			knownRegions = (
				en,
				Base,
			);
			mainGroup = A38427BA2D062C8D00271C34;
			minimizedProjectReferenceProxies = 1;
			packageReferences = (
				A36615492D0A24DD00A3FBF7 /* XCRemoteSwiftPackageReference "Kanna" */,
				A36615822D0A261300A3FBF7 /* XCRemoteSwiftPackageReference "SWXMLHash" */,
				A34F7CD02D13ADD70004C905 /* XCRemoteSwiftPackageReference "ActivityView" */,
				A327A9322D18FA2F00A2D292 /* XCLocalSwiftPackageReference "../Chat" */,
			);
			preferredProjectObjectVersion = 77;
			productRefGroup = A38427C42D062C8D00271C34 /* Products */;
			projectDirPath = "";
			projectRoot = "";
			targets = (
				A38427C22D062C8D00271C34 /* epac */,
				A38427D52D062C8E00271C34 /* epacTests */,
				A38427DF2D062C8E00271C34 /* epacUITests */,
				A327A9082D18F75B00A2D292 /* epac-clip */,
			);
		};
/* End PBXProject section */

/* Begin PBXResourcesBuildPhase section */
		A327A9072D18F75B00A2D292 /* Resources */ = {
			isa = PBXResourcesBuildPhase;
			buildActionMask = 2147483647;
			files = (
			);
			runOnlyForDeploymentPostprocessing = 0;
		};
		A38427C12D062C8D00271C34 /* Resources */ = {
			isa = PBXResourcesBuildPhase;
			buildActionMask = 2147483647;
			files = (
			);
			runOnlyForDeploymentPostprocessing = 0;
		};
		A38427D42D062C8E00271C34 /* Resources */ = {
			isa = PBXResourcesBuildPhase;
			buildActionMask = 2147483647;
			files = (
			);
			runOnlyForDeploymentPostprocessing = 0;
		};
		A38427DE2D062C8E00271C34 /* Resources */ = {
			isa = PBXResourcesBuildPhase;
			buildActionMask = 2147483647;
			files = (
			);
			runOnlyForDeploymentPostprocessing = 0;
		};
/* End PBXResourcesBuildPhase section */

/* Begin PBXSourcesBuildPhase section */
		A327A9052D18F75B00A2D292 /* Sources */ = {
			isa = PBXSourcesBuildPhase;
			buildActionMask = 2147483647;
			files = (
			);
			runOnlyForDeploymentPostprocessing = 0;
		};
		A38427BF2D062C8D00271C34 /* Sources */ = {
			isa = PBXSourcesBuildPhase;
			buildActionMask = 2147483647;
			files = (
			);
			runOnlyForDeploymentPostprocessing = 0;
		};
		A38427D22D062C8E00271C34 /* Sources */ = {
			isa = PBXSourcesBuildPhase;
			buildActionMask = 2147483647;
			files = (
			);
			runOnlyForDeploymentPostprocessing = 0;
		};
		A38427DC2D062C8E00271C34 /* Sources */ = {
			isa = PBXSourcesBuildPhase;
			buildActionMask = 2147483647;
			files = (
			);
			runOnlyForDeploymentPostprocessing = 0;
		};
/* End PBXSourcesBuildPhase section */

/* Begin PBXTargetDependency section */
		A327A9172D18F75C00A2D292 /* PBXTargetDependency */ = {
			isa = PBXTargetDependency;
			target = A327A9082D18F75B00A2D292 /* epac-clip */;
			targetProxy = A327A9162D18F75C00A2D292 /* PBXContainerItemProxy */;
		};
		A38427D82D062C8E00271C34 /* PBXTargetDependency */ = {
			isa = PBXTargetDependency;
			target = A38427C22D062C8D00271C34 /* epac */;
			targetProxy = A38427D72D062C8E00271C34 /* PBXContainerItemProxy */;
		};
		A38427E22D062C8E00271C34 /* PBXTargetDependency */ = {
			isa = PBXTargetDependency;
			target = A38427C22D062C8D00271C34 /* epac */;
			targetProxy = A38427E12D062C8E00271C34 /* PBXContainerItemProxy */;
		};
/* End PBXTargetDependency section */

/* Begin XCBuildConfiguration section */
		A327A91A2D18F75C00A2D292 /* Debug */ = {
			isa = XCBuildConfiguration;
			buildSettings = {
				ASSETCATALOG_COMPILER_APPICON_NAME = AppIcon;
				ASSETCATALOG_COMPILER_GLOBAL_ACCENT_COLOR_NAME = AccentColor;
				CODE_SIGN_ENTITLEMENTS = "epac-clip/epac_clip.entitlements";
				CODE_SIGN_STYLE = Automatic;
				DEVELOPMENT_ASSET_PATHS = "\"epac-clip/Preview Content\"";
				DEVELOPMENT_TEAM = ZG82TFXU3C;
				ENABLE_PREVIEWS = YES;
				GENERATE_INFOPLIST_FILE = YES;
				INFOPLIST_FILE = "epac-clip/Info.plist";
				INFOPLIST_KEY_CFBundleDisplayName = epac;
				INFOPLIST_KEY_NSCameraUsageDescription = a;
				INFOPLIST_KEY_NSMicrophoneUsageDescription = b;
				INFOPLIST_KEY_NSPhotoLibraryUsageDescription = c;
				INFOPLIST_KEY_UIApplicationSceneManifest_Generation = YES;
				INFOPLIST_KEY_UIApplicationSupportsIndirectInputEvents = YES;
				INFOPLIST_KEY_UILaunchScreen_Generation = YES;
				INFOPLIST_KEY_UISupportedInterfaceOrientations_iPad = "UIInterfaceOrientationPortrait UIInterfaceOrientationPortraitUpsideDown UIInterfaceOrientationLandscapeLeft UIInterfaceOrientationLandscapeRight";
				INFOPLIST_KEY_UISupportedInterfaceOrientations_iPhone = "UIInterfaceOrientationPortrait UIInterfaceOrientationLandscapeLeft UIInterfaceOrientationLandscapeRight";
				LD_RUNPATH_SEARCH_PATHS = (
					"$(inherited)",
					"@executable_path/Frameworks",
				);
				PRODUCT_BUNDLE_IDENTIFIER = net.dinglebox.cabinetdoor.Clip;
				PRODUCT_NAME = "$(TARGET_NAME)";
				SDKROOT = iphoneos;
				SWIFT_EMIT_LOC_STRINGS = YES;
				SWIFT_VERSION = 5.0;
				TARGETED_DEVICE_FAMILY = "1,2";
			};
			name = Debug;
		};
		A327A91B2D18F75C00A2D292 /* Release */ = {
			isa = XCBuildConfiguration;
			buildSettings = {
				ASSETCATALOG_COMPILER_APPICON_NAME = AppIcon;
				ASSETCATALOG_COMPILER_GLOBAL_ACCENT_COLOR_NAME = AccentColor;
				CODE_SIGN_ENTITLEMENTS = "epac-clip/epac_clip.entitlements";
				CODE_SIGN_STYLE = Automatic;
				DEVELOPMENT_ASSET_PATHS = "\"epac-clip/Preview Content\"";
				DEVELOPMENT_TEAM = ZG82TFXU3C;
				ENABLE_PREVIEWS = YES;
				GENERATE_INFOPLIST_FILE = YES;
				INFOPLIST_FILE = "epac-clip/Info.plist";
				INFOPLIST_KEY_CFBundleDisplayName = epac;
				INFOPLIST_KEY_NSCameraUsageDescription = a;
				INFOPLIST_KEY_NSMicrophoneUsageDescription = b;
				INFOPLIST_KEY_NSPhotoLibraryUsageDescription = c;
				INFOPLIST_KEY_UIApplicationSceneManifest_Generation = YES;
				INFOPLIST_KEY_UIApplicationSupportsIndirectInputEvents = YES;
				INFOPLIST_KEY_UILaunchScreen_Generation = YES;
				INFOPLIST_KEY_UISupportedInterfaceOrientations_iPad = "UIInterfaceOrientationPortrait UIInterfaceOrientationPortraitUpsideDown UIInterfaceOrientationLandscapeLeft UIInterfaceOrientationLandscapeRight";
				INFOPLIST_KEY_UISupportedInterfaceOrientations_iPhone = "UIInterfaceOrientationPortrait UIInterfaceOrientationLandscapeLeft UIInterfaceOrientationLandscapeRight";
				LD_RUNPATH_SEARCH_PATHS = (
					"$(inherited)",
					"@executable_path/Frameworks",
				);
				PRODUCT_BUNDLE_IDENTIFIER = net.dinglebox.cabinetdoor.Clip;
				PRODUCT_NAME = "$(TARGET_NAME)";
				SDKROOT = iphoneos;
				SWIFT_EMIT_LOC_STRINGS = YES;
				SWIFT_VERSION = 5.0;
				TARGETED_DEVICE_FAMILY = "1,2";
				VALIDATE_PRODUCT = YES;
			};
			name = Release;
		};
		A38427E82D062C8E00271C34 /* Debug */ = {
			isa = XCBuildConfiguration;
			buildSettings = {
				ALWAYS_SEARCH_USER_PATHS = NO;
				ASSETCATALOG_COMPILER_GENERATE_SWIFT_ASSET_SYMBOL_EXTENSIONS = YES;
				CLANG_ANALYZER_NONNULL = YES;
				CLANG_ANALYZER_NUMBER_OBJECT_CONVERSION = YES_AGGRESSIVE;
				CLANG_CXX_LANGUAGE_STANDARD = "gnu++20";
				CLANG_ENABLE_MODULES = YES;
				CLANG_ENABLE_OBJC_ARC = YES;
				CLANG_ENABLE_OBJC_WEAK = YES;
				CLANG_WARN_BLOCK_CAPTURE_AUTORELEASING = YES;
				CLANG_WARN_BOOL_CONVERSION = YES;
				CLANG_WARN_COMMA = YES;
				CLANG_WARN_CONSTANT_CONVERSION = YES;
				CLANG_WARN_DEPRECATED_OBJC_IMPLEMENTATIONS = YES;
				CLANG_WARN_DIRECT_OBJC_ISA_USAGE = YES_ERROR;
				CLANG_WARN_DOCUMENTATION_COMMENTS = YES;
				CLANG_WARN_EMPTY_BODY = YES;
				CLANG_WARN_ENUM_CONVERSION = YES;
				CLANG_WARN_INFINITE_RECURSION = YES;
				CLANG_WARN_INT_CONVERSION = YES;
				CLANG_WARN_NON_LITERAL_NULL_CONVERSION = YES;
				CLANG_WARN_OBJC_IMPLICIT_RETAIN_SELF = YES;
				CLANG_WARN_OBJC_LITERAL_CONVERSION = YES;
				CLANG_WARN_OBJC_ROOT_CLASS = YES_ERROR;
				CLANG_WARN_QUOTED_INCLUDE_IN_FRAMEWORK_HEADER = YES;
				CLANG_WARN_RANGE_LOOP_ANALYSIS = YES;
				CLANG_WARN_STRICT_PROTOTYPES = YES;
				CLANG_WARN_SUSPICIOUS_MOVE = YES;
				CLANG_WARN_UNGUARDED_AVAILABILITY = YES_AGGRESSIVE;
				CLANG_WARN_UNREACHABLE_CODE = YES;
				CLANG_WARN__DUPLICATE_METHOD_MATCH = YES;
				COPY_PHASE_STRIP = NO;
				CURRENT_PROJECT_VERSION = 2;
				DEBUG_INFORMATION_FORMAT = dwarf;
				ENABLE_STRICT_OBJC_MSGSEND = YES;
				ENABLE_TESTABILITY = YES;
				ENABLE_USER_SCRIPT_SANDBOXING = YES;
				GCC_C_LANGUAGE_STANDARD = gnu17;
				GCC_DYNAMIC_NO_PIC = NO;
				GCC_NO_COMMON_BLOCKS = YES;
				GCC_OPTIMIZATION_LEVEL = 0;
				GCC_PREPROCESSOR_DEFINITIONS = (
					"DEBUG=1",
					"$(inherited)",
				);
				GCC_WARN_64_TO_32_BIT_CONVERSION = YES;
				GCC_WARN_ABOUT_RETURN_TYPE = YES_ERROR;
				GCC_WARN_UNDECLARED_SELECTOR = YES;
				GCC_WARN_UNINITIALIZED_AUTOS = YES_AGGRESSIVE;
				GCC_WARN_UNUSED_FUNCTION = YES;
				GCC_WARN_UNUSED_VARIABLE = YES;
				IPHONEOS_DEPLOYMENT_TARGET = 17.6;
				LOCALIZATION_PREFERS_STRING_CATALOGS = YES;
				MARKETING_VERSION = 1.6;
				MTL_ENABLE_DEBUG_INFO = INCLUDE_SOURCE;
				MTL_FAST_MATH = YES;
				ONLY_ACTIVE_ARCH = YES;
				SWIFT_ACTIVE_COMPILATION_CONDITIONS = "DEBUG $(inherited)";
				SWIFT_OPTIMIZATION_LEVEL = "-Onone";
			};
			name = Debug;
		};
		A38427E92D062C8E00271C34 /* Release */ = {
			isa = XCBuildConfiguration;
			buildSettings = {
				ALWAYS_SEARCH_USER_PATHS = NO;
				ASSETCATALOG_COMPILER_GENERATE_SWIFT_ASSET_SYMBOL_EXTENSIONS = YES;
				CLANG_ANALYZER_NONNULL = YES;
				CLANG_ANALYZER_NUMBER_OBJECT_CONVERSION = YES_AGGRESSIVE;
				CLANG_CXX_LANGUAGE_STANDARD = "gnu++20";
				CLANG_ENABLE_MODULES = YES;
				CLANG_ENABLE_OBJC_ARC = YES;
				CLANG_ENABLE_OBJC_WEAK = YES;
				CLANG_WARN_BLOCK_CAPTURE_AUTORELEASING = YES;
				CLANG_WARN_BOOL_CONVERSION = YES;
				CLANG_WARN_COMMA = YES;
				CLANG_WARN_CONSTANT_CONVERSION = YES;
				CLANG_WARN_DEPRECATED_OBJC_IMPLEMENTATIONS = YES;
				CLANG_WARN_DIRECT_OBJC_ISA_USAGE = YES_ERROR;
				CLANG_WARN_DOCUMENTATION_COMMENTS = YES;
				CLANG_WARN_EMPTY_BODY = YES;
				CLANG_WARN_ENUM_CONVERSION = YES;
				CLANG_WARN_INFINITE_RECURSION = YES;
				CLANG_WARN_INT_CONVERSION = YES;
				CLANG_WARN_NON_LITERAL_NULL_CONVERSION = YES;
				CLANG_WARN_OBJC_IMPLICIT_RETAIN_SELF = YES;
				CLANG_WARN_OBJC_LITERAL_CONVERSION = YES;
				CLANG_WARN_OBJC_ROOT_CLASS = YES_ERROR;
				CLANG_WARN_QUOTED_INCLUDE_IN_FRAMEWORK_HEADER = YES;
				CLANG_WARN_RANGE_LOOP_ANALYSIS = YES;
				CLANG_WARN_STRICT_PROTOTYPES = YES;
				CLANG_WARN_SUSPICIOUS_MOVE = YES;
				CLANG_WARN_UNGUARDED_AVAILABILITY = YES_AGGRESSIVE;
				CLANG_WARN_UNREACHABLE_CODE = YES;
				CLANG_WARN__DUPLICATE_METHOD_MATCH = YES;
				COPY_PHASE_STRIP = NO;
				CURRENT_PROJECT_VERSION = 2;
				DEBUG_INFORMATION_FORMAT = "dwarf-with-dsym";
				ENABLE_NS_ASSERTIONS = NO;
				ENABLE_STRICT_OBJC_MSGSEND = YES;
				ENABLE_USER_SCRIPT_SANDBOXING = YES;
				GCC_C_LANGUAGE_STANDARD = gnu17;
				GCC_NO_COMMON_BLOCKS = YES;
				GCC_WARN_64_TO_32_BIT_CONVERSION = YES;
				GCC_WARN_ABOUT_RETURN_TYPE = YES_ERROR;
				GCC_WARN_UNDECLARED_SELECTOR = YES;
				GCC_WARN_UNINITIALIZED_AUTOS = YES_AGGRESSIVE;
				GCC_WARN_UNUSED_FUNCTION = YES;
				GCC_WARN_UNUSED_VARIABLE = YES;
				IPHONEOS_DEPLOYMENT_TARGET = 17.6;
				LOCALIZATION_PREFERS_STRING_CATALOGS = YES;
				MARKETING_VERSION = 1.6;
				MTL_ENABLE_DEBUG_INFO = NO;
				MTL_FAST_MATH = YES;
				SWIFT_COMPILATION_MODE = wholemodule;
			};
			name = Release;
		};
		A38427EB2D062C8E00271C34 /* Debug */ = {
			isa = XCBuildConfiguration;
			buildSettings = {
				ASSETCATALOG_COMPILER_APPICON_NAME = AppIcon;
				ASSETCATALOG_COMPILER_GLOBAL_ACCENT_COLOR_NAME = AccentColor;
				CODE_SIGN_ENTITLEMENTS = epac/epac.entitlements;
				CODE_SIGN_STYLE = Automatic;
				DEVELOPMENT_ASSET_PATHS = "\"epac/Preview Content\"";
				DEVELOPMENT_TEAM = ZG82TFXU3C;
				ENABLE_HARDENED_RUNTIME = YES;
				ENABLE_PREVIEWS = YES;
				GENERATE_INFOPLIST_FILE = YES;
				INFOPLIST_FILE = epac/Info.plist;
				INFOPLIST_KEY_NSCameraUsageDescription = a;
				INFOPLIST_KEY_NSMicrophoneUsageDescription = b;
				INFOPLIST_KEY_NSPhotoLibraryUsageDescription = "to save screenshots";
				"INFOPLIST_KEY_UIApplicationSceneManifest_Generation[sdk=iphoneos*]" = YES;
				"INFOPLIST_KEY_UIApplicationSceneManifest_Generation[sdk=iphonesimulator*]" = YES;
				"INFOPLIST_KEY_UIApplicationSupportsIndirectInputEvents[sdk=iphoneos*]" = YES;
				"INFOPLIST_KEY_UIApplicationSupportsIndirectInputEvents[sdk=iphonesimulator*]" = YES;
				"INFOPLIST_KEY_UILaunchScreen_Generation[sdk=iphoneos*]" = YES;
				"INFOPLIST_KEY_UILaunchScreen_Generation[sdk=iphonesimulator*]" = YES;
				"INFOPLIST_KEY_UIStatusBarStyle[sdk=iphoneos*]" = UIStatusBarStyleDefault;
				"INFOPLIST_KEY_UIStatusBarStyle[sdk=iphonesimulator*]" = UIStatusBarStyleDefault;
				INFOPLIST_KEY_UISupportedInterfaceOrientations_iPad = "UIInterfaceOrientationPortrait UIInterfaceOrientationPortraitUpsideDown UIInterfaceOrientationLandscapeLeft UIInterfaceOrientationLandscapeRight";
				INFOPLIST_KEY_UISupportedInterfaceOrientations_iPhone = "UIInterfaceOrientationPortrait UIInterfaceOrientationLandscapeLeft UIInterfaceOrientationLandscapeRight";
				LD_RUNPATH_SEARCH_PATHS = "@executable_path/Frameworks";
				"LD_RUNPATH_SEARCH_PATHS[sdk=macosx*]" = "@executable_path/../Frameworks";
				MACOSX_DEPLOYMENT_TARGET = 14.0;
				PRODUCT_BUNDLE_IDENTIFIER = net.dinglebox.cabinetdoor;
				PRODUCT_NAME = "$(TARGET_NAME)";
				SDKROOT = auto;
				SUPPORTED_PLATFORMS = "iphoneos iphonesimulator";
				SUPPORTS_MACCATALYST = NO;
				SWIFT_EMIT_LOC_STRINGS = YES;
				SWIFT_VERSION = 5.0;
				TARGETED_DEVICE_FAMILY = "1,2";
				XROS_DEPLOYMENT_TARGET = 2.1;
			};
			name = Debug;
		};
		A38427EC2D062C8E00271C34 /* Release */ = {
			isa = XCBuildConfiguration;
			buildSettings = {
				ASSETCATALOG_COMPILER_APPICON_NAME = AppIcon;
				ASSETCATALOG_COMPILER_GLOBAL_ACCENT_COLOR_NAME = AccentColor;
				CODE_SIGN_ENTITLEMENTS = epac/epac.entitlements;
				CODE_SIGN_STYLE = Automatic;
				DEVELOPMENT_ASSET_PATHS = "\"epac/Preview Content\"";
				DEVELOPMENT_TEAM = ZG82TFXU3C;
				ENABLE_HARDENED_RUNTIME = YES;
				ENABLE_PREVIEWS = YES;
				GENERATE_INFOPLIST_FILE = YES;
				INFOPLIST_FILE = epac/Info.plist;
				INFOPLIST_KEY_NSCameraUsageDescription = a;
				INFOPLIST_KEY_NSMicrophoneUsageDescription = b;
				INFOPLIST_KEY_NSPhotoLibraryUsageDescription = "to save screenshots";
				"INFOPLIST_KEY_UIApplicationSceneManifest_Generation[sdk=iphoneos*]" = YES;
				"INFOPLIST_KEY_UIApplicationSceneManifest_Generation[sdk=iphonesimulator*]" = YES;
				"INFOPLIST_KEY_UIApplicationSupportsIndirectInputEvents[sdk=iphoneos*]" = YES;
				"INFOPLIST_KEY_UIApplicationSupportsIndirectInputEvents[sdk=iphonesimulator*]" = YES;
				"INFOPLIST_KEY_UILaunchScreen_Generation[sdk=iphoneos*]" = YES;
				"INFOPLIST_KEY_UILaunchScreen_Generation[sdk=iphonesimulator*]" = YES;
				"INFOPLIST_KEY_UIStatusBarStyle[sdk=iphoneos*]" = UIStatusBarStyleDefault;
				"INFOPLIST_KEY_UIStatusBarStyle[sdk=iphonesimulator*]" = UIStatusBarStyleDefault;
				INFOPLIST_KEY_UISupportedInterfaceOrientations_iPad = "UIInterfaceOrientationPortrait UIInterfaceOrientationPortraitUpsideDown UIInterfaceOrientationLandscapeLeft UIInterfaceOrientationLandscapeRight";
				INFOPLIST_KEY_UISupportedInterfaceOrientations_iPhone = "UIInterfaceOrientationPortrait UIInterfaceOrientationLandscapeLeft UIInterfaceOrientationLandscapeRight";
				LD_RUNPATH_SEARCH_PATHS = "@executable_path/Frameworks";
				"LD_RUNPATH_SEARCH_PATHS[sdk=macosx*]" = "@executable_path/../Frameworks";
				MACOSX_DEPLOYMENT_TARGET = 14.0;
				PRODUCT_BUNDLE_IDENTIFIER = net.dinglebox.cabinetdoor;
				PRODUCT_NAME = "$(TARGET_NAME)";
				SDKROOT = auto;
				SUPPORTED_PLATFORMS = "iphoneos iphonesimulator";
				SUPPORTS_MACCATALYST = NO;
				SWIFT_EMIT_LOC_STRINGS = YES;
				SWIFT_VERSION = 5.0;
				TARGETED_DEVICE_FAMILY = "1,2";
				XROS_DEPLOYMENT_TARGET = 2.1;
			};
			name = Release;
		};
		A38427EE2D062C8E00271C34 /* Debug */ = {
			isa = XCBuildConfiguration;
			buildSettings = {
				BUNDLE_LOADER = "$(TEST_HOST)";
				CODE_SIGN_STYLE = Automatic;
				DEVELOPMENT_TEAM = ZG82TFXU3C;
				GENERATE_INFOPLIST_FILE = YES;
				IPHONEOS_DEPLOYMENT_TARGET = 18.1;
				MACOSX_DEPLOYMENT_TARGET = 14.6;
				PRODUCT_BUNDLE_IDENTIFIER = com.riddimsoftware.epacTests;
				PRODUCT_NAME = "$(TARGET_NAME)";
				SDKROOT = auto;
				SUPPORTED_PLATFORMS = "iphoneos iphonesimulator macosx xros xrsimulator";
				SWIFT_EMIT_LOC_STRINGS = NO;
				SWIFT_VERSION = 5.0;
				TARGETED_DEVICE_FAMILY = "1,2,7";
				TEST_HOST = "$(BUILT_PRODUCTS_DIR)/epac.app/$(BUNDLE_EXECUTABLE_FOLDER_PATH)/epac";
				XROS_DEPLOYMENT_TARGET = 2.1;
			};
			name = Debug;
		};
		A38427EF2D062C8E00271C34 /* Release */ = {
			isa = XCBuildConfiguration;
			buildSettings = {
				BUNDLE_LOADER = "$(TEST_HOST)";
				CODE_SIGN_STYLE = Automatic;
				DEVELOPMENT_TEAM = ZG82TFXU3C;
				GENERATE_INFOPLIST_FILE = YES;
				IPHONEOS_DEPLOYMENT_TARGET = 18.1;
				MACOSX_DEPLOYMENT_TARGET = 14.6;
				PRODUCT_BUNDLE_IDENTIFIER = com.riddimsoftware.epacTests;
				PRODUCT_NAME = "$(TARGET_NAME)";
				SDKROOT = auto;
				SUPPORTED_PLATFORMS = "iphoneos iphonesimulator macosx xros xrsimulator";
				SWIFT_EMIT_LOC_STRINGS = NO;
				SWIFT_VERSION = 5.0;
				TARGETED_DEVICE_FAMILY = "1,2,7";
				TEST_HOST = "$(BUILT_PRODUCTS_DIR)/epac.app/$(BUNDLE_EXECUTABLE_FOLDER_PATH)/epac";
				XROS_DEPLOYMENT_TARGET = 2.1;
			};
			name = Release;
		};
		A38427F12D062C8E00271C34 /* Debug */ = {
			isa = XCBuildConfiguration;
			buildSettings = {
				CODE_SIGN_STYLE = Automatic;
				DEVELOPMENT_TEAM = ZG82TFXU3C;
				GENERATE_INFOPLIST_FILE = YES;
				IPHONEOS_DEPLOYMENT_TARGET = 18.1;
				MACOSX_DEPLOYMENT_TARGET = 14.6;
				PRODUCT_BUNDLE_IDENTIFIER = com.riddimsoftware.epacUITests;
				PRODUCT_NAME = "$(TARGET_NAME)";
				SDKROOT = auto;
				SUPPORTED_PLATFORMS = "iphoneos iphonesimulator macosx xros xrsimulator";
				SWIFT_EMIT_LOC_STRINGS = NO;
				SWIFT_VERSION = 5.0;
				TARGETED_DEVICE_FAMILY = "1,2,7";
				TEST_TARGET_NAME = epac;
				XROS_DEPLOYMENT_TARGET = 2.1;
			};
			name = Debug;
		};
		A38427F22D062C8E00271C34 /* Release */ = {
			isa = XCBuildConfiguration;
			buildSettings = {
				CODE_SIGN_STYLE = Automatic;
				DEVELOPMENT_TEAM = ZG82TFXU3C;
				GENERATE_INFOPLIST_FILE = YES;
				IPHONEOS_DEPLOYMENT_TARGET = 18.1;
				MACOSX_DEPLOYMENT_TARGET = 14.6;
				PRODUCT_BUNDLE_IDENTIFIER = com.riddimsoftware.epacUITests;
				PRODUCT_NAME = "$(TARGET_NAME)";
				SDKROOT = auto;
				SUPPORTED_PLATFORMS = "iphoneos iphonesimulator macosx xros xrsimulator";
				SWIFT_EMIT_LOC_STRINGS = NO;
				SWIFT_VERSION = 5.0;
				TARGETED_DEVICE_FAMILY = "1,2,7";
				TEST_TARGET_NAME = epac;
				XROS_DEPLOYMENT_TARGET = 2.1;
			};
			name = Release;
		};
/* End XCBuildConfiguration section */

/* Begin XCConfigurationList section */
		A327A91C2D18F75C00A2D292 /* Build configuration list for PBXNativeTarget "epac-clip" */ = {
			isa = XCConfigurationList;
			buildConfigurations = (
				A327A91A2D18F75C00A2D292 /* Debug */,
				A327A91B2D18F75C00A2D292 /* Release */,
			);
			defaultConfigurationIsVisible = 0;
			defaultConfigurationName = Release;
		};
		A38427BE2D062C8D00271C34 /* Build configuration list for PBXProject "epac" */ = {
			isa = XCConfigurationList;
			buildConfigurations = (
				A38427E82D062C8E00271C34 /* Debug */,
				A38427E92D062C8E00271C34 /* Release */,
			);
			defaultConfigurationIsVisible = 0;
			defaultConfigurationName = Release;
		};
		A38427EA2D062C8E00271C34 /* Build configuration list for PBXNativeTarget "epac" */ = {
			isa = XCConfigurationList;
			buildConfigurations = (
				A38427EB2D062C8E00271C34 /* Debug */,
				A38427EC2D062C8E00271C34 /* Release */,
			);
			defaultConfigurationIsVisible = 0;
			defaultConfigurationName = Release;
		};
		A38427ED2D062C8E00271C34 /* Build configuration list for PBXNativeTarget "epacTests" */ = {
			isa = XCConfigurationList;
			buildConfigurations = (
				A38427EE2D062C8E00271C34 /* Debug */,
				A38427EF2D062C8E00271C34 /* Release */,
			);
			defaultConfigurationIsVisible = 0;
			defaultConfigurationName = Release;
		};
		A38427F02D062C8E00271C34 /* Build configuration list for PBXNativeTarget "epacUITests" */ = {
			isa = XCConfigurationList;
			buildConfigurations = (
				A38427F12D062C8E00271C34 /* Debug */,
				A38427F22D062C8E00271C34 /* Release */,
			);
			defaultConfigurationIsVisible = 0;
			defaultConfigurationName = Release;
		};
/* End XCConfigurationList section */

/* Begin XCLocalSwiftPackageReference section */
		A327A9322D18FA2F00A2D292 /* XCLocalSwiftPackageReference "../Chat" */ = {
			isa = XCLocalSwiftPackageReference;
			relativePath = ../Chat;
		};
/* End XCLocalSwiftPackageReference section */

/* Begin XCRemoteSwiftPackageReference section */
		A34F7CD02D13ADD70004C905 /* XCRemoteSwiftPackageReference "ActivityView" */ = {
			isa = XCRemoteSwiftPackageReference;
			repositoryURL = "https://github.com/SwiftUI-Plus/ActivityView";
			requirement = {
				kind = exactVersion;
				version = 1.2.0;
			};
		};
		A36615492D0A24DD00A3FBF7 /* XCRemoteSwiftPackageReference "Kanna" */ = {
			isa = XCRemoteSwiftPackageReference;
			repositoryURL = "https://github.com/tid-kijyun/Kanna";
			requirement = {
				kind = exactVersion;
				version = 5.3.0;
			};
		};
		A36615822D0A261300A3FBF7 /* XCRemoteSwiftPackageReference "SWXMLHash" */ = {
			isa = XCRemoteSwiftPackageReference;
			repositoryURL = "https://github.com/drmohundro/SWXMLHash";
			requirement = {
				kind = exactVersion;
				version = 8.1.0;
			};
		};
/* End XCRemoteSwiftPackageReference section */

/* Begin XCSwiftPackageProductDependency section */
		A327A9332D18FA2F00A2D292 /* ExyteChat */ = {
			isa = XCSwiftPackageProductDependency;
			productName = ExyteChat;
		};
		A327A9362D18FA7C00A2D292 /* ExyteChat */ = {
			isa = XCSwiftPackageProductDependency;
			package = A327A9322D18FA2F00A2D292 /* XCLocalSwiftPackageReference "../Chat" */;
			productName = ExyteChat;
		};
		A327A9382D18FA8D00A2D292 /* SWXMLHash */ = {
			isa = XCSwiftPackageProductDependency;
			package = A36615822D0A261300A3FBF7 /* XCRemoteSwiftPackageReference "SWXMLHash" */;
			productName = SWXMLHash;
		};
		A327A93A2D18FAA400A2D292 /* ActivityView */ = {
			isa = XCSwiftPackageProductDependency;
			package = A34F7CD02D13ADD70004C905 /* XCRemoteSwiftPackageReference "ActivityView" */;
			productName = ActivityView;
		};
		A327A93C2D18FAAE00A2D292 /* Kanna */ = {
			isa = XCSwiftPackageProductDependency;
			package = A36615492D0A24DD00A3FBF7 /* XCRemoteSwiftPackageReference "Kanna" */;
			productName = Kanna;
		};
		A34F7CD12D13ADD70004C905 /* ActivityView */ = {
			isa = XCSwiftPackageProductDependency;
			package = A34F7CD02D13ADD70004C905 /* XCRemoteSwiftPackageReference "ActivityView" */;
			productName = ActivityView;
		};
		A366154A2D0A24DD00A3FBF7 /* Kanna */ = {
			isa = XCSwiftPackageProductDependency;
			package = A36615492D0A24DD00A3FBF7 /* XCRemoteSwiftPackageReference "Kanna" */;
			productName = Kanna;
		};
		A36615832D0A261300A3FBF7 /* SWXMLHash */ = {
			isa = XCSwiftPackageProductDependency;
			package = A36615822D0A261300A3FBF7 /* XCRemoteSwiftPackageReference "SWXMLHash" */;
			productName = SWXMLHash;
		};
		A3A102792D11C73A002F3ACE /* ExyteChat */ = {
			isa = XCSwiftPackageProductDependency;
			productName = ExyteChat;
		};
/* End XCSwiftPackageProductDependency section */
	};
	rootObject = A38427BB2D062C8D00271C34 /* Project object */;
}
