// !$*UTF8*$!
{
	archiveVersion = 1;
	classes = {
	};
	objectVersion = 77;
	objects = {

/* Begin PBXBuildFile section */
		A327A9202D18F75B00A2D292 /* epac-clip.app in Embed App Clips */ = {isa = PBXBuildFile; fileRef = A327A91F2D18F75B00A2D292 /* epac-clip.app */; settings = {ATTRIBUTES = (RemoveHeadersOnCopy, ); }; };
		A34F7CD22D13ADD70004C905 /* ActivityView in Frameworks */ = {isa = PBXBuildFile; productRef = A34F7CD12D13ADD70004C905 /* ActivityView */; };
		A366154B2D0A24DD00A3FBF7 /* Kanna in Frameworks */ = {isa = PBXBuildFile; productRef = A366154A2D0A24DD00A3FBF7 /* Kanna */; };
		A36615842D0A261300A3FBF7 /* SWXMLHash in Frameworks */ = {isa = PBXBuildFile; productRef = A36615832D0A261300A3FBF7 /* SWXMLHash */; };
		A31410022FABC14100000000 /* promise-tracker.json in Resources */ = {isa = PBXBuildFile; fileRef = A31410012FABC14100000000 /* promise-tracker.json */; };
		A31410122FABC14100000000 /* reconciliation-calls.json in Resources */ = {isa = PBXBuildFile; fileRef = A31410112FABC14100000000 /* reconciliation-calls.json */; };
		A38138C52DD39D6F0062421F /* HorizonCalendar in Frameworks */ = {isa = PBXBuildFile; productRef = A38138C42DD39D6F0062421F /* HorizonCalendar */; };
		A3E71D000000000000000003 /* Evidence in Frameworks */ = {isa = PBXBuildFile; productRef = A3E71D000000000000000002 /* Evidence */; };
		A3BB28C82F2909BE00F9F1EB /* ExyteChat in Frameworks */ = {isa = PBXBuildFile; productRef = A33253CD2F2852E500531242 /* ExyteChat */; };
		A3D516582DE4EEE600148AA8 /* TestPlan.xctestplan in Resources */ = {isa = PBXBuildFile; fileRef = A3D516572DE4EEE600148AA8 /* TestPlan.xctestplan */; };
		A3D516902DE4FD4C00148AA8 /* Logging in Frameworks */ = {isa = PBXBuildFile; productRef = A3D5168F2DE4FD4C00148AA8 /* Logging */; };
		A3DEAD0BEEF00000CAFE0003 /* Sentry in Frameworks */ = {isa = PBXBuildFile; productRef = A3DEAD0BEEF00000CAFE0002 /* Sentry */; };
		E1233ED9EB500DEA6C66DDBA /* WatchContentView.swift in Sources */ = {isa = PBXBuildFile; fileRef = E123ACDEC874BB715CDE821E /* WatchContentView.swift */; };
		E12343CD5D891C3BB3457474 /* epacComplicationBundle.swift in Sources */ = {isa = PBXBuildFile; fileRef = E1230D8D5C0A0AF23667FFDC /* epacComplicationBundle.swift */; };
		E123B0B810D83A975B7856FB /* epacComplication.appex in Embed App Extensions */ = {isa = PBXBuildFile; fileRef = E123EEFB3FA3F54E7C9682AD /* epacComplication.appex */; settings = {ATTRIBUTES = (RemoveHeadersOnCopy, ); }; };
		E123CC429C1C6A9342456D24 /* epacWatchApp.swift in Sources */ = {isa = PBXBuildFile; fileRef = E1238DA98C2DE56AC0F91580 /* epacWatchApp.swift */; };
		E123F36184A52E24D6825C9E /* ParliamentComplication.swift in Sources */ = {isa = PBXBuildFile; fileRef = E12325D90C1AC7ABC45C8F8D /* ParliamentComplication.swift */; };
/* End PBXBuildFile section */

/* Begin PBXContainerItemProxy section */
		A327A91C2D18F75B00A2D292 /* PBXContainerItemProxy */ = {
			isa = PBXContainerItemProxy;
			containerPortal = A38427BB2D062C8D00271C34 /* Project object */;
			proxyType = 1;
			remoteGlobalIDString = A327A9082D18F75B00A2D292;
			remoteInfo = "epac-clip";
		};
		A38427D72D062C8E00271C34 /* PBXContainerItemProxy */ = {
			isa = PBXContainerItemProxy;
			containerPortal = A38427BB2D062C8D00271C34 /* Project object */;
			proxyType = 1;
			remoteGlobalIDString = A38427C22D062C8D00271C34;
			remoteInfo = epac;
		};
		A38427E12D062C8E00271C34 /* PBXContainerItemProxy */ = {
			isa = PBXContainerItemProxy;
			containerPortal = A38427BB2D062C8D00271C34 /* Project object */;
			proxyType = 1;
			remoteGlobalIDString = A38427C22D062C8D00271C34;
			remoteInfo = epac;
		};
		E12373000CE44B9CC0111910 /* PBXContainerItemProxy */ = {
			isa = PBXContainerItemProxy;
			containerPortal = A38427BB2D062C8D00271C34 /* Project object */;
			proxyType = 1;
			remoteGlobalIDString = E123C284AB0DAC0324CD17B6;
			remoteInfo = epacComplication;
		};
/* End PBXContainerItemProxy section */

/* Begin PBXFileReference section */
		A327A9092D18F75B00A2D292 /* epac-clip.app (old) */ = {isa = PBXFileReference; explicitFileType = wrapper.application; includeInIndex = 0; name = "epac-clip.app"; path = "/Users/sunny/Documents/code/epac/ios/build/Debug-iphoneos/epac-clip.app"; sourceTree = "<absolute>"; };
		A327A91F2D18F75B00A2D292 /* epac-clip.app */ = {isa = PBXFileReference; explicitFileType = wrapper.application; includeInIndex = 0; path = "epac-clip.app"; sourceTree = BUILT_PRODUCTS_DIR; };
		A31410012FABC14100000000 /* promise-tracker.json */ = {isa = PBXFileReference; lastKnownFileType = text.json; path = "promise-tracker.json"; sourceTree = "<group>"; };
		A31410112FABC14100000000 /* reconciliation-calls.json */ = {isa = PBXFileReference; lastKnownFileType = text.json; path = "reconciliation-calls.json"; sourceTree = "<group>"; };
		A31560012FABC15600000001 /* Debug.xcconfig */ = {isa = PBXFileReference; lastKnownFileType = text.xcconfig; path = Debug.xcconfig; sourceTree = "<group>"; };
		A31560022FABC15600000002 /* Release.xcconfig */ = {isa = PBXFileReference; lastKnownFileType = text.xcconfig; path = Release.xcconfig; sourceTree = "<group>"; };
		A38427C32D062C8D00271C34 /* epac.app */ = {isa = PBXFileReference; explicitFileType = wrapper.application; includeInIndex = 0; path = epac.app; sourceTree = BUILT_PRODUCTS_DIR; };
		A38427D62D062C8E00271C34 /* epacTests.xctest */ = {isa = PBXFileReference; explicitFileType = wrapper.cfbundle; includeInIndex = 0; path = epacTests.xctest; sourceTree = BUILT_PRODUCTS_DIR; };
		A38427E02D062C8E00271C34 /* epacUITests.xctest */ = {isa = PBXFileReference; explicitFileType = wrapper.cfbundle; includeInIndex = 0; path = epacUITests.xctest; sourceTree = BUILT_PRODUCTS_DIR; };
		A38CF0E12F351DF500668136 /* icon.icon */ = {isa = PBXFileReference; lastKnownFileType = folder.iconcomposer.icon; path = icon.icon; sourceTree = "<group>"; };
		A3D516572DE4EEE600148AA8 /* TestPlan.xctestplan */ = {isa = PBXFileReference; lastKnownFileType = text; path = TestPlan.xctestplan; sourceTree = "<group>"; };
		E1230D8D5C0A0AF23667FFDC /* epacComplicationBundle.swift */ = {isa = PBXFileReference; lastKnownFileType = sourcecode.swift; path = epacComplicationBundle.swift; sourceTree = "<group>"; };
		E12325D90C1AC7ABC45C8F8D /* ParliamentComplication.swift */ = {isa = PBXFileReference; lastKnownFileType = sourcecode.swift; path = ParliamentComplication.swift; sourceTree = "<group>"; };
		E12339D75D63B226E71FC425 /* epacWatchApp.app */ = {isa = PBXFileReference; explicitFileType = wrapper.application; includeInIndex = 0; path = epacWatchApp.app; sourceTree = BUILT_PRODUCTS_DIR; };
		E1238AF65F56B09D052A91E8 /* epacWatchApp.entitlements */ = {isa = PBXFileReference; lastKnownFileType = text.plist.entitlements; path = epacWatchApp.entitlements; sourceTree = "<group>"; };
		E1238DA98C2DE56AC0F91580 /* epacWatchApp.swift */ = {isa = PBXFileReference; lastKnownFileType = sourcecode.swift; path = epacWatchApp.swift; sourceTree = "<group>"; };
		E123ACDEC874BB715CDE821E /* WatchContentView.swift */ = {isa = PBXFileReference; lastKnownFileType = sourcecode.swift; path = WatchContentView.swift; sourceTree = "<group>"; };
		E123DF978113C7C63EB5499F /* epacComplication.entitlements */ = {isa = PBXFileReference; lastKnownFileType = text.plist.entitlements; path = epacComplication.entitlements; sourceTree = "<group>"; };
		E123EEFB3FA3F54E7C9682AD /* epacComplication.appex */ = {isa = PBXFileReference; explicitFileType = "wrapper.app-extension"; includeInIndex = 0; path = epacComplication.appex; sourceTree = BUILT_PRODUCTS_DIR; };
/* End PBXFileReference section */

/* Begin PBXFileSystemSynchronizedBuildFileExceptionSet section */
		A3B351552D0B2D4C009864C6 /* Exceptions for "epac" folder in "epac" target */ = {
			isa = PBXFileSystemSynchronizedBuildFileExceptionSet;
			membershipExceptions = (
				Info.plist,
				Util/CommitteeDownloader.swift,
			);
			target = A38427C22D062C8D00271C34 /* epac */;
		};
		A327A91E2D18F75B00A2D292 /* Exceptions for "epac-clip" folder in "epac-clip" target */ = {
			isa = PBXFileSystemSynchronizedBuildFileExceptionSet;
			membershipExceptions = (
				Info.plist,
			);
			target = A327A9082D18F75B00A2D292 /* epac-clip */;
		};
/* End PBXFileSystemSynchronizedBuildFileExceptionSet section */

/* Begin PBXFileSystemSynchronizedRootGroup section */
		A327A90A2D18F75B00A2D292 /* epac-clip */ = {
			isa = PBXFileSystemSynchronizedRootGroup;
			exceptions = (
				A327A91E2D18F75B00A2D292 /* Exceptions for "epac-clip" folder in "epac-clip" target */,
			);
			path = "epac-clip";
			sourceTree = "<group>";
		};
		A38427C52D062C8D00271C34 /* epac */ = {
			isa = PBXFileSystemSynchronizedRootGroup;
			exceptions = (
				A3B351552D0B2D4C009864C6 /* Exceptions for "epac" folder in "epac" target */,
			);
			path = epac;
			sourceTree = "<group>";
		};
		A38427D92D062C8E00271C34 /* epacTests */ = {
			isa = PBXFileSystemSynchronizedRootGroup;
			path = epacTests;
			sourceTree = "<group>";
		};
		A38427E32D062C8E00271C34 /* epacUITests */ = {
			isa = PBXFileSystemSynchronizedRootGroup;
			path = epacUITests;
			sourceTree = "<group>";
		};
/* End PBXFileSystemSynchronizedRootGroup section */

/* Begin PBXCopyFilesBuildPhase section */
		A327A9212D18F75B00A2D292 /* Embed App Clips */ = {
			isa = PBXCopyFilesBuildPhase;
			buildActionMask = 2147483647;
			dstPath = "";
			dstSubfolderSpec = 16;
			files = (
				A327A9202D18F75B00A2D292 /* epac-clip.app in Embed App Clips */,
			);
			name = "Embed App Clips";
			runOnlyForDeploymentPostprocessing = 0;
		};
		E1231789A338EFD2168028C4 /* Embed App Extensions */ = {
			isa = PBXCopyFilesBuildPhase;
			buildActionMask = 2147483647;
			dstPath = "";
			dstSubfolderSpec = 13;
			files = (
				E123B0B810D83A975B7856FB /* epacComplication.appex in Embed App Extensions */,
			);
			name = "Embed App Extensions";
			runOnlyForDeploymentPostprocessing = 0;
		};
/* End PBXCopyFilesBuildPhase section */

/* Begin PBXFrameworksBuildPhase section */
		A38427C02D062C8D00271C34 /* Frameworks */ = {
			isa = PBXFrameworksBuildPhase;
			buildActionMask = 2147483647;
			files = (
				A3BB28C82F2909BE00F9F1EB /* ExyteChat in Frameworks */,
				A34F7CD22D13ADD70004C905 /* ActivityView in Frameworks */,
				A36615842D0A261300A3FBF7 /* SWXMLHash in Frameworks */,
				A3D516902DE4FD4C00148AA8 /* Logging in Frameworks */,
				A366154B2D0A24DD00A3FBF7 /* Kanna in Frameworks */,
				A38138C52DD39D6F0062421F /* HorizonCalendar in Frameworks */,
				A3DEAD0BEEF00000CAFE0003 /* Sentry in Frameworks */,
			);
			runOnlyForDeploymentPostprocessing = 0;
		};
		A38427D32D062C8E00271C34 /* Frameworks */ = {
			isa = PBXFrameworksBuildPhase;
			buildActionMask = 2147483647;
			files = (
			);
			runOnlyForDeploymentPostprocessing = 0;
		};
		A38427DD2D062C8E00271C34 /* Frameworks */ = {
			isa = PBXFrameworksBuildPhase;
			buildActionMask = 2147483647;
			files = (
				A3E71D000000000000000003 /* Evidence in Frameworks */,
			);
			runOnlyForDeploymentPostprocessing = 0;
		};
		A327A90C2D18F75B00A2D292 /* Frameworks (epac-clip) */ = {
			isa = PBXFrameworksBuildPhase;
			buildActionMask = 2147483647;
			files = (
			);
			runOnlyForDeploymentPostprocessing = 0;
		};
		E123A62ACA7C09570BB6D131 /* Frameworks (epacWatchApp) */ = {
			isa = PBXFrameworksBuildPhase;
			buildActionMask = 2147483647;
			files = (
			);
			runOnlyForDeploymentPostprocessing = 0;
		};
		E123BC24744AEAC3639B2955 /* Frameworks (epacComplication) */ = {
			isa = PBXFrameworksBuildPhase;
			buildActionMask = 2147483647;
			files = (
			);
			runOnlyForDeploymentPostprocessing = 0;
		};
/* End PBXFrameworksBuildPhase section */

/* Begin PBXGroup section */
		A31410002FABC14100000000 /* data */ = {
			isa = PBXGroup;
			children = (
				A31410012FABC14100000000 /* promise-tracker.json */,
				A31410112FABC14100000000 /* reconciliation-calls.json */,
			);
			path = ../data;
			sourceTree = "<group>";
		};
		A327A9352D18FA7C00A2D292 /* Frameworks */ = {
			isa = PBXGroup;
			children = (
			);
			name = Frameworks;
			sourceTree = "<group>";
		};
		A31560032FABC15600000003 /* Config */ = {
			isa = PBXGroup;
			children = (
				A31560012FABC15600000001 /* Debug.xcconfig */,
				A31560022FABC15600000002 /* Release.xcconfig */,
			);
			path = Config;
			sourceTree = "<group>";
		};
		E123328FBCF89F303A809478 /* epacComplication */ = {
			isa = PBXGroup;
			children = (
				E12325D90C1AC7ABC45C8F8D /* ParliamentComplication.swift */,
				E1230D8D5C0A0AF23667FFDC /* epacComplicationBundle.swift */,
				E123DF978113C7C63EB5499F /* epacComplication.entitlements */,
			);
			path = epacComplication;
			sourceTree = "<group>";
		};
		E123E3090C81560A67B10AE0 /* epacWatchApp */ = {
			isa = PBXGroup;
			children = (
				E123ACDEC874BB715CDE821E /* WatchContentView.swift */,
				E1238DA98C2DE56AC0F91580 /* epacWatchApp.swift */,
				E1238AF65F56B09D052A91E8 /* epacWatchApp.entitlements */,
			);
			path = epacWatchApp;
			sourceTree = "<group>";
		};
		A38427BA2D062C8D00271C34 = {
			isa = PBXGroup;
			children = (
				A31410002FABC14100000000 /* data */,
				A31560032FABC15600000003 /* Config */,
				A3D516572DE4EEE600148AA8 /* TestPlan.xctestplan */,
				A38427C52D062C8D00271C34 /* epac */,
				A38427D92D062C8E00271C34 /* epacTests */,
				A38427E32D062C8E00271C34 /* epacUITests */,
				A327A90A2D18F75B00A2D292 /* epac-clip */,
				E123E3090C81560A67B10AE0 /* epacWatchApp */,
				E123328FBCF89F303A809478 /* epacComplication */,
				A327A9352D18FA7C00A2D292 /* Frameworks */,
				A38427C42D062C8D00271C34 /* Products */,
				A38CEF922F35175000668136 /* Recovered References */,
				A38CF0E12F351DF500668136 /* icon.icon */,
			);
			sourceTree = "<group>";
		};
		A38427C42D062C8D00271C34 /* Products */ = {
			isa = PBXGroup;
			children = (
				A38427C32D062C8D00271C34 /* epac.app */,
				A38427D62D062C8E00271C34 /* epacTests.xctest */,
				A38427E02D062C8E00271C34 /* epacUITests.xctest */,
				A327A91F2D18F75B00A2D292 /* epac-clip.app */,
				E12339D75D63B226E71FC425 /* epacWatchApp.app */,
				E123EEFB3FA3F54E7C9682AD /* epacComplication.appex */,
			);
			name = Products;
			sourceTree = "<group>";
		};
		A38CEF922F35175000668136 /* Recovered References */ = {
			isa = PBXGroup;
			children = (
				A327A9092D18F75B00A2D292 /* epac-clip.app */,
			);
			name = "Recovered References";
			sourceTree = "<group>";
		};
/* End PBXGroup section */

/* Begin PBXNativeTarget section */
		A38427C22D062C8D00271C34 /* epac */ = {
			isa = PBXNativeTarget;
			buildConfigurationList = A38427EA2D062C8E00271C34 /* Build configuration list for PBXNativeTarget "epac" */;
			buildPhases = (
				A38427BF2D062C8D00271C34 /* Sources */,
				A38427C02D062C8D00271C34 /* Frameworks */,
				A38427C12D062C8D00271C34 /* Resources */,
				A327A9212D18F75B00A2D292 /* Embed App Clips */,
			);
			buildRules = (
			);
			dependencies = (
				A327A91D2D18F75B00A2D292 /* PBXTargetDependency */,
			);
			fileSystemSynchronizedGroups = (
				A38427C52D062C8D00271C34 /* epac */,
			);
			name = epac;
			packageProductDependencies = (
				A366154A2D0A24DD00A3FBF7 /* Kanna */,
				A36615832D0A261300A3FBF7 /* SWXMLHash */,
				A34F7CD12D13ADD70004C905 /* ActivityView */,
				A38138C42DD39D6F0062421F /* HorizonCalendar */,
				A3D5168F2DE4FD4C00148AA8 /* Logging */,
				A33253CD2F2852E500531242 /* ExyteChat */,
				A3DEAD0BEEF00000CAFE0002 /* Sentry */,
			);
			productName = epac;
			productReference = A38427C32D062C8D00271C34 /* epac.app */;
			productType = "com.apple.product-type.application";
		};
		A38427D52D062C8E00271C34 /* epacTests */ = {
			isa = PBXNativeTarget;
			buildConfigurationList = A38427ED2D062C8E00271C34 /* Build configuration list for PBXNativeTarget "epacTests" */;
			buildPhases = (
				A38427D22D062C8E00271C34 /* Sources */,
				A38427D32D062C8E00271C34 /* Frameworks */,
				A38427D42D062C8E00271C34 /* Resources */,
			);
			buildRules = (
			);
			dependencies = (
				A38427D82D062C8E00271C34 /* PBXTargetDependency */,
			);
			fileSystemSynchronizedGroups = (
				A38427D92D062C8E00271C34 /* epacTests */,
			);
			name = epacTests;
			packageProductDependencies = (
				A3FADE01DEAD00001DEAD002 /* SnapshotTesting */,
			);
			productName = epacTests;
			productReference = A38427D62D062C8E00271C34 /* epacTests.xctest */;
			productType = "com.apple.product-type.bundle.unit-test";
		};
		A38427DF2D062C8E00271C34 /* epacUITests */ = {
			isa = PBXNativeTarget;
			buildConfigurationList = A38427F02D062C8E00271C34 /* Build configuration list for PBXNativeTarget "epacUITests" */;
			buildPhases = (
				A38427DC2D062C8E00271C34 /* Sources */,
				A38427DD2D062C8E00271C34 /* Frameworks */,
				A38427DE2D062C8E00271C34 /* Resources */,
			);
			buildRules = (
			);
			dependencies = (
				A38427E22D062C8E00271C34 /* PBXTargetDependency */,
			);
			fileSystemSynchronizedGroups = (
				A38427E32D062C8E00271C34 /* epacUITests */,
			);
			name = epacUITests;
			packageProductDependencies = (
				A3E71D000000000000000002 /* Evidence */,
			);
			productName = epacUITests;
			productReference = A38427E02D062C8E00271C34 /* epacUITests.xctest */;
			productType = "com.apple.product-type.bundle.ui-testing";
		};
		A327A9082D18F75B00A2D292 /* epac-clip */ = {
			isa = PBXNativeTarget;
			buildConfigurationList = A327A9182D18F75B00A2D292 /* Build configuration list for PBXNativeTarget "epac-clip" */;
			buildPhases = (
				A327A90B2D18F75B00A2D292 /* Sources */,
				A327A90C2D18F75B00A2D292 /* Frameworks */,
				A327A90D2D18F75B00A2D292 /* Resources */,
			);
			buildRules = (
			);
			dependencies = (
			);
			fileSystemSynchronizedGroups = (
				A327A90A2D18F75B00A2D292 /* epac-clip */,
			);
			name = "epac-clip";
			packageProductDependencies = (
			);
			productName = "epac-clip";
			productReference = A327A91F2D18F75B00A2D292 /* epac-clip.app */;
			productType = "com.apple.product-type.application.on-demand-install-capable";
		};
		E1236C2BF3B3B439AA3C257C /* epacWatchApp */ = {
			isa = PBXNativeTarget;
			buildConfigurationList = E1237CA4DE8D078A51B0D6BC /* Build configuration list for PBXNativeTarget "epacWatchApp" */;
			buildPhases = (
				E1237822045793F2A586BA1B /* Sources (epacWatchApp) */,
				E123A62ACA7C09570BB6D131 /* Frameworks (epacWatchApp) */,
				E1230BB017963A19034888BB /* Resources (epacWatchApp) */,
				E1231789A338EFD2168028C4 /* Embed App Extensions */,
			);
			buildRules = (
			);
			dependencies = (
				E123896CD5AD4B1C1EF6846C /* PBXTargetDependency */,
			);
			name = epacWatchApp;
			packageProductDependencies = (
			);
			productName = epacWatchApp;
			productReference = E12339D75D63B226E71FC425 /* epacWatchApp.app */;
			productType = "com.apple.product-type.application.watchapp2";
		};
		E123C284AB0DAC0324CD17B6 /* epacComplication */ = {
			isa = PBXNativeTarget;
			buildConfigurationList = E123E0160FCD5F822E57A823 /* Build configuration list for PBXNativeTarget "epacComplication" */;
			buildPhases = (
				E1238989D7998F17178D5A3B /* Sources (epacComplication) */,
				E123BC24744AEAC3639B2955 /* Frameworks (epacComplication) */,
				E123BC976158519ECA5FDDD0 /* Resources (epacComplication) */,
			);
			buildRules = (
			);
			dependencies = (
			);
			name = epacComplication;
			packageProductDependencies = (
			);
			productName = epacComplication;
			productReference = E123EEFB3FA3F54E7C9682AD /* epacComplication.appex */;
			productType = "com.apple.product-type.app-extension";
		};
/* End PBXNativeTarget section */

/* Begin PBXProject section */
		A38427BB2D062C8D00271C34 /* Project object */ = {
			isa = PBXProject;
			attributes = {
				BuildIndependentTargetsInParallel = 1;
				LastSwiftUpdateCheck = 1620;
				LastUpgradeCheck = 2610;
				TargetAttributes = {
					A327A9082D18F75B00A2D292 = {
						CreatedOnToolsVersion = 16.1;
					};
					E1236C2BF3B3B439AA3C257C = {
						CreatedOnToolsVersion = 16.1;
					};
					E123C284AB0DAC0324CD17B6 = {
						CreatedOnToolsVersion = 16.1;
					};
					A38427C22D062C8D00271C34 = {
						CreatedOnToolsVersion = 16.1;
					};
					A38427D52D062C8E00271C34 = {
						CreatedOnToolsVersion = 16.1;
						TestTargetID = A38427C22D062C8D00271C34;
					};
					A38427DF2D062C8E00271C34 = {
						CreatedOnToolsVersion = 16.1;
						TestTargetID = A38427C22D062C8D00271C34;
					};
				};
			};
			buildConfigurationList = A38427BE2D062C8D00271C34 /* Build configuration list for PBXProject "epac" */;
			developmentRegion = en;
			hasScannedForEncodings = 0;
			knownRegions = (
				en,
				Base,
				fr,
			);
			mainGroup = A38427BA2D062C8D00271C34;
			minimizedProjectReferenceProxies = 1;
			packageReferences = (
				A36615492D0A24DD00A3FBF7 /* XCRemoteSwiftPackageReference "Kanna" */,
				A36615822D0A261300A3FBF7 /* XCRemoteSwiftPackageReference "SWXMLHash" */,
				A34F7CD02D13ADD70004C905 /* XCRemoteSwiftPackageReference "ActivityView" */,
				A38138C32DD39D6F0062421F /* XCRemoteSwiftPackageReference "HorizonCalendar" */,
				A3D5168E2DE4FD4C00148AA8 /* XCRemoteSwiftPackageReference "swift-log" */,
				A33253CC2F2852E500531242 /* XCRemoteSwiftPackageReference "Chat" */,
				A3FADE01DEAD00001DEAD001 /* XCRemoteSwiftPackageReference "swift-snapshot-testing" */,
				A3DEAD0BEEF00000CAFE0001 /* XCRemoteSwiftPackageReference "sentry-cocoa" */,
				A3E71D000000000000000001 /* XCRemoteSwiftPackageReference "evidence" */,
			);
			preferredProjectObjectVersion = 77;
			productRefGroup = A38427C42D062C8D00271C34 /* Products */;
			projectDirPath = "";
			projectRoot = "";
			targets = (
				A38427C22D062C8D00271C34 /* epac */,
				A38427D52D062C8E00271C34 /* epacTests */,
				A38427DF2D062C8E00271C34 /* epacUITests */,
				A327A9082D18F75B00A2D292 /* epac-clip */,
				E1236C2BF3B3B439AA3C257C /* epacWatchApp */,
				E123C284AB0DAC0324CD17B6 /* epacComplication */,
			);
		};
/* End PBXProject section */

/* Begin PBXResourcesBuildPhase section */
		A38427C12D062C8D00271C34 /* Resources */ = {
			isa = PBXResourcesBuildPhase;
			buildActionMask = 2147483647;
			files = (
				A31410022FABC14100000000 /* promise-tracker.json in Resources */,
				A31410122FABC14100000000 /* reconciliation-calls.json in Resources */,
				A3D516582DE4EEE600148AA8 /* TestPlan.xctestplan in Resources */,
			);
			runOnlyForDeploymentPostprocessing = 0;
		};
		A38427D42D062C8E00271C34 /* Resources */ = {
			isa = PBXResourcesBuildPhase;
			buildActionMask = 2147483647;
			files = (
			);
			runOnlyForDeploymentPostprocessing = 0;
		};
		A38427DE2D062C8E00271C34 /* Resources */ = {
			isa = PBXResourcesBuildPhase;
			buildActionMask = 2147483647;
			files = (
			);
			runOnlyForDeploymentPostprocessing = 0;
		};
		A327A90D2D18F75B00A2D292 /* Resources (epac-clip) */ = {
			isa = PBXResourcesBuildPhase;
			buildActionMask = 2147483647;
			files = (
			);
			runOnlyForDeploymentPostprocessing = 0;
		};
		E1230BB017963A19034888BB /* Resources (epacWatchApp) */ = {
			isa = PBXResourcesBuildPhase;
			buildActionMask = 2147483647;
			files = (
			);
			runOnlyForDeploymentPostprocessing = 0;
		};
		E123BC976158519ECA5FDDD0 /* Resources (epacComplication) */ = {
			isa = PBXResourcesBuildPhase;
			buildActionMask = 2147483647;
			files = (
			);
			runOnlyForDeploymentPostprocessing = 0;
		};
/* End PBXResourcesBuildPhase section */

/* Begin PBXSourcesBuildPhase section */
		A38427BF2D062C8D00271C34 /* Sources */ = {
			isa = PBXSourcesBuildPhase;
			buildActionMask = 2147483647;
			files = (
			);
			runOnlyForDeploymentPostprocessing = 0;
		};
		A38427D22D062C8E00271C34 /* Sources */ = {
			isa = PBXSourcesBuildPhase;
			buildActionMask = 2147483647;
			files = (
			);
			runOnlyForDeploymentPostprocessing = 0;
		};
		A38427DC2D062C8E00271C34 /* Sources */ = {
			isa = PBXSourcesBuildPhase;
			buildActionMask = 2147483647;
			files = (
			);
			runOnlyForDeploymentPostprocessing = 0;
		};
		A327A90B2D18F75B00A2D292 /* Sources (epac-clip) */ = {
			isa = PBXSourcesBuildPhase;
			buildActionMask = 2147483647;
			files = (
			);
			runOnlyForDeploymentPostprocessing = 0;
		};
		E1237822045793F2A586BA1B /* Sources (epacWatchApp) */ = {
			isa = PBXSourcesBuildPhase;
			buildActionMask = 2147483647;
			files = (
				E123CC429C1C6A9342456D24 /* epacWatchApp.swift in Sources */,
				E1233ED9EB500DEA6C66DDBA /* WatchContentView.swift in Sources */,
			);
			runOnlyForDeploymentPostprocessing = 0;
		};
		E1238989D7998F17178D5A3B /* Sources (epacComplication) */ = {
			isa = PBXSourcesBuildPhase;
			buildActionMask = 2147483647;
			files = (
				E12343CD5D891C3BB3457474 /* epacComplicationBundle.swift in Sources */,
				E123F36184A52E24D6825C9E /* ParliamentComplication.swift in Sources */,
			);
			runOnlyForDeploymentPostprocessing = 0;
		};
/* End PBXSourcesBuildPhase section */

/* Begin PBXTargetDependency section */
		A327A91D2D18F75B00A2D292 /* PBXTargetDependency */ = {
			isa = PBXTargetDependency;
			target = A327A9082D18F75B00A2D292 /* epac-clip */;
			targetProxy = A327A91C2D18F75B00A2D292 /* PBXContainerItemProxy */;
		};
		A38427D82D062C8E00271C34 /* PBXTargetDependency */ = {
			isa = PBXTargetDependency;
			target = A38427C22D062C8D00271C34 /* epac */;
			targetProxy = A38427D72D062C8E00271C34 /* PBXContainerItemProxy */;
		};
		A38427E22D062C8E00271C34 /* PBXTargetDependency */ = {
			isa = PBXTargetDependency;
			target = A38427C22D062C8D00271C34 /* epac */;
			targetProxy = A38427E12D062C8E00271C34 /* PBXContainerItemProxy */;
		};
		E123896CD5AD4B1C1EF6846C /* PBXTargetDependency */ = {
			isa = PBXTargetDependency;
			target = E123C284AB0DAC0324CD17B6 /* epacComplication */;
			targetProxy = E12373000CE44B9CC0111910 /* PBXContainerItemProxy */;
		};
/* End PBXTargetDependency section */

/* Begin XCBuildConfiguration section */
		A38427E82D062C8E00271C34 /* Debug */ = {
			isa = XCBuildConfiguration;
			buildSettings = {
				ALWAYS_SEARCH_USER_PATHS = NO;
				ASSETCATALOG_COMPILER_GENERATE_SWIFT_ASSET_SYMBOL_EXTENSIONS = YES;
				CLANG_ANALYZER_NONNULL = YES;
				CLANG_ANALYZER_NUMBER_OBJECT_CONVERSION = YES_AGGRESSIVE;
				CLANG_CXX_LANGUAGE_STANDARD = "gnu++20";
				CLANG_ENABLE_MODULES = YES;
				CLANG_ENABLE_OBJC_ARC = YES;
				CLANG_ENABLE_OBJC_WEAK = YES;
				CLANG_WARN_BLOCK_CAPTURE_AUTORELEASING = YES;
				CLANG_WARN_BOOL_CONVERSION = YES;
				CLANG_WARN_COMMA = YES;
				CLANG_WARN_CONSTANT_CONVERSION = YES;
				CLANG_WARN_DEPRECATED_OBJC_IMPLEMENTATIONS = YES;
				CLANG_WARN_DIRECT_OBJC_ISA_USAGE = YES_ERROR;
				CLANG_WARN_DOCUMENTATION_COMMENTS = YES;
				CLANG_WARN_EMPTY_BODY = YES;
				CLANG_WARN_ENUM_CONVERSION = YES;
				CLANG_WARN_INFINITE_RECURSION = YES;
				CLANG_WARN_INT_CONVERSION = YES;
				CLANG_WARN_NON_LITERAL_NULL_CONVERSION = YES;
				CLANG_WARN_OBJC_IMPLICIT_RETAIN_SELF = YES;
				CLANG_WARN_OBJC_LITERAL_CONVERSION = YES;
				CLANG_WARN_OBJC_ROOT_CLASS = YES_ERROR;
				CLANG_WARN_QUOTED_INCLUDE_IN_FRAMEWORK_HEADER = YES;
				CLANG_WARN_RANGE_LOOP_ANALYSIS = YES;
				CLANG_WARN_STRICT_PROTOTYPES = YES;
				CLANG_WARN_SUSPICIOUS_MOVE = YES;
				CLANG_WARN_UNGUARDED_AVAILABILITY = YES_AGGRESSIVE;
				CLANG_WARN_UNREACHABLE_CODE = YES;
				CLANG_WARN__DUPLICATE_METHOD_MATCH = YES;
				COPY_PHASE_STRIP = NO;
				CURRENT_PROJECT_VERSION = 1;
				DEAD_CODE_STRIPPING = YES;
				DEBUG_INFORMATION_FORMAT = dwarf;
				DEVELOPMENT_TEAM = ZG82TFXU3C;
				ENABLE_STRICT_OBJC_MSGSEND = YES;
				ENABLE_TESTABILITY = YES;
				ENABLE_USER_SCRIPT_SANDBOXING = YES;
				GCC_C_LANGUAGE_STANDARD = gnu17;
				GCC_DYNAMIC_NO_PIC = NO;
				GCC_NO_COMMON_BLOCKS = YES;
				GCC_OPTIMIZATION_LEVEL = 0;
				GCC_PREPROCESSOR_DEFINITIONS = (
					"DEBUG=1",
					"$(inherited)",
				);
				GCC_WARN_64_TO_32_BIT_CONVERSION = YES;
				GCC_WARN_ABOUT_RETURN_TYPE = YES_ERROR;
				GCC_WARN_UNDECLARED_SELECTOR = YES;
				GCC_WARN_UNINITIALIZED_AUTOS = YES_AGGRESSIVE;
				GCC_WARN_UNUSED_FUNCTION = YES;
				GCC_WARN_UNUSED_VARIABLE = YES;
				IPHONEOS_DEPLOYMENT_TARGET = 17.6;
				LOCALIZATION_PREFERS_STRING_CATALOGS = YES;
				MARKETING_VERSION = 1.9;
				MTL_ENABLE_DEBUG_INFO = INCLUDE_SOURCE;
				MTL_FAST_MATH = YES;
				ONLY_ACTIVE_ARCH = YES;
				STRING_CATALOG_GENERATE_SYMBOLS = YES;
				SWIFT_ACTIVE_COMPILATION_CONDITIONS = "DEBUG $(inherited)";
				SWIFT_OPTIMIZATION_LEVEL = "-Onone";
				SWIFT_VERSION = 6.0;
			};
			name = Debug;
		};
		A38427E92D062C8E00271C34 /* Release */ = {
			isa = XCBuildConfiguration;
			buildSettings = {
				ALWAYS_SEARCH_USER_PATHS = NO;
				ASSETCATALOG_COMPILER_GENERATE_SWIFT_ASSET_SYMBOL_EXTENSIONS = YES;
				CLANG_ANALYZER_NONNULL = YES;
				CLANG_ANALYZER_NUMBER_OBJECT_CONVERSION = YES_AGGRESSIVE;
				CLANG_CXX_LANGUAGE_STANDARD = "gnu++20";
				CLANG_ENABLE_MODULES = YES;
				CLANG_ENABLE_OBJC_ARC = YES;
				CLANG_ENABLE_OBJC_WEAK = YES;
				CLANG_WARN_BLOCK_CAPTURE_AUTORELEASING = YES;
				CLANG_WARN_BOOL_CONVERSION = YES;
				CLANG_WARN_COMMA = YES;
				CLANG_WARN_CONSTANT_CONVERSION = YES;
				CLANG_WARN_DEPRECATED_OBJC_IMPLEMENTATIONS = YES;
				CLANG_WARN_DIRECT_OBJC_ISA_USAGE = YES_ERROR;
				CLANG_WARN_DOCUMENTATION_COMMENTS = YES;
				CLANG_WARN_EMPTY_BODY = YES;
				CLANG_WARN_ENUM_CONVERSION = YES;
				CLANG_WARN_INFINITE_RECURSION = YES;
				CLANG_WARN_INT_CONVERSION = YES;
				CLANG_WARN_NON_LITERAL_NULL_CONVERSION = YES;
				CLANG_WARN_OBJC_IMPLICIT_RETAIN_SELF = YES;
				CLANG_WARN_OBJC_LITERAL_CONVERSION = YES;
				CLANG_WARN_OBJC_ROOT_CLASS = YES_ERROR;
				CLANG_WARN_QUOTED_INCLUDE_IN_FRAMEWORK_HEADER = YES;
				CLANG_WARN_RANGE_LOOP_ANALYSIS = YES;
				CLANG_WARN_STRICT_PROTOTYPES = YES;
				CLANG_WARN_SUSPICIOUS_MOVE = YES;
				CLANG_WARN_UNGUARDED_AVAILABILITY = YES_AGGRESSIVE;
				CLANG_WARN_UNREACHABLE_CODE = YES;
				CLANG_WARN__DUPLICATE_METHOD_MATCH = YES;
				COPY_PHASE_STRIP = NO;
				CURRENT_PROJECT_VERSION = 1;
				DEAD_CODE_STRIPPING = YES;
				DEBUG_INFORMATION_FORMAT = "dwarf-with-dsym";
				DEVELOPMENT_TEAM = ZG82TFXU3C;
				ENABLE_NS_ASSERTIONS = NO;
				ENABLE_STRICT_OBJC_MSGSEND = YES;
				ENABLE_USER_SCRIPT_SANDBOXING = YES;
				GCC_C_LANGUAGE_STANDARD = gnu17;
				GCC_NO_COMMON_BLOCKS = YES;
				GCC_WARN_64_TO_32_BIT_CONVERSION = YES;
				GCC_WARN_ABOUT_RETURN_TYPE = YES_ERROR;
				GCC_WARN_UNDECLARED_SELECTOR = YES;
				GCC_WARN_UNINITIALIZED_AUTOS = YES_AGGRESSIVE;
				GCC_WARN_UNUSED_FUNCTION = YES;
				GCC_WARN_UNUSED_VARIABLE = YES;
				IPHONEOS_DEPLOYMENT_TARGET = 17.6;
				LOCALIZATION_PREFERS_STRING_CATALOGS = YES;
				MARKETING_VERSION = 1.9;
				MTL_ENABLE_DEBUG_INFO = NO;
				MTL_FAST_MATH = YES;
				STRING_CATALOG_GENERATE_SYMBOLS = YES;
				SWIFT_COMPILATION_MODE = wholemodule;
				SWIFT_VERSION = 6.0;
			};
			name = Release;
		};
		A38427EB2D062C8E00271C34 /* Debug */ = {
			isa = XCBuildConfiguration;
			baseConfigurationReference = A31560012FABC15600000001 /* Debug.xcconfig */;
			buildSettings = {
				ASSETCATALOG_COMPILER_APPICON_NAME = AppIcon;
				ASSETCATALOG_COMPILER_GLOBAL_ACCENT_COLOR_NAME = AccentColor;
				ASSETCATALOG_COMPILER_INCLUDE_ALL_APPICON_ASSETS = YES;
				CODE_SIGN_ENTITLEMENTS = epac/epac.entitlements;
				CODE_SIGN_STYLE = Automatic;
				DEAD_CODE_STRIPPING = YES;
				DEVELOPMENT_ASSET_PATHS = "\"epac/Preview Content\"";
				ENABLE_APP_SANDBOX = YES;
				ENABLE_HARDENED_RUNTIME = YES;
				ENABLE_PREVIEWS = YES;
				ENABLE_USER_SELECTED_FILES = readonly;
				GENERATE_INFOPLIST_FILE = YES;
				INFOPLIST_FILE = epac/Info.plist;
				INFOPLIST_KEY_ITSAppUsesNonExemptEncryption = NO;
				INFOPLIST_KEY_NSCameraUsageDescription = "Should never show";
				INFOPLIST_KEY_NSMicrophoneUsageDescription = "should never rshow";
				"INFOPLIST_KEY_UIApplicationSceneManifest_Generation[sdk=iphoneos*]" = YES;
				"INFOPLIST_KEY_UIApplicationSceneManifest_Generation[sdk=iphonesimulator*]" = YES;
				"INFOPLIST_KEY_UIApplicationSupportsIndirectInputEvents[sdk=iphoneos*]" = YES;
				"INFOPLIST_KEY_UIApplicationSupportsIndirectInputEvents[sdk=iphonesimulator*]" = YES;
				"INFOPLIST_KEY_UILaunchScreen_Generation[sdk=iphoneos*]" = YES;
				"INFOPLIST_KEY_UILaunchScreen_Generation[sdk=iphonesimulator*]" = YES;
				"INFOPLIST_KEY_UIStatusBarStyle[sdk=iphoneos*]" = UIStatusBarStyleDefault;
				"INFOPLIST_KEY_UIStatusBarStyle[sdk=iphonesimulator*]" = UIStatusBarStyleDefault;
				INFOPLIST_KEY_UISupportedInterfaceOrientations_iPad = "UIInterfaceOrientationPortrait UIInterfaceOrientationPortraitUpsideDown UIInterfaceOrientationLandscapeLeft UIInterfaceOrientationLandscapeRight";
				INFOPLIST_KEY_UISupportedInterfaceOrientations_iPhone = "UIInterfaceOrientationPortrait UIInterfaceOrientationLandscapeLeft UIInterfaceOrientationLandscapeRight";
				IPHONEOS_DEPLOYMENT_TARGET = 18.0;
				LD_RUNPATH_SEARCH_PATHS = "@executable_path/Frameworks";
				"LD_RUNPATH_SEARCH_PATHS[sdk=macosx*]" = "@executable_path/../Frameworks";
				MACOSX_DEPLOYMENT_TARGET = 14.0;
				MARKETING_VERSION = 1.9;
				PRODUCT_BUNDLE_IDENTIFIER = net.dinglebox.cabinetdoor;
				PRODUCT_NAME = "$(TARGET_NAME)";
				SDKROOT = auto;
				SUPPORTED_PLATFORMS = "iphoneos iphonesimulator";
				SUPPORTS_MACCATALYST = NO;
				SWIFT_EMIT_LOC_STRINGS = YES;
				TARGETED_DEVICE_FAMILY = "1,2";
				XROS_DEPLOYMENT_TARGET = 2.1;
			};
			name = Debug;
		};
		A38427EC2D062C8E00271C34 /* Release */ = {
			isa = XCBuildConfiguration;
			baseConfigurationReference = A31560022FABC15600000002 /* Release.xcconfig */;
			buildSettings = {
				ASSETCATALOG_COMPILER_APPICON_NAME = AppIcon;
				ASSETCATALOG_COMPILER_GLOBAL_ACCENT_COLOR_NAME = AccentColor;
				ASSETCATALOG_COMPILER_INCLUDE_ALL_APPICON_ASSETS = YES;
				CODE_SIGN_ENTITLEMENTS = epac/epac.entitlements;
				CODE_SIGN_STYLE = Automatic;
				DEAD_CODE_STRIPPING = YES;
				DEVELOPMENT_ASSET_PATHS = "\"epac/Preview Content\"";
				ENABLE_APP_SANDBOX = YES;
				ENABLE_HARDENED_RUNTIME = YES;
				ENABLE_PREVIEWS = YES;
				ENABLE_USER_SELECTED_FILES = readonly;
				GENERATE_INFOPLIST_FILE = YES;
				INFOPLIST_FILE = epac/Info.plist;
				INFOPLIST_KEY_ITSAppUsesNonExemptEncryption = NO;
				INFOPLIST_KEY_NSCameraUsageDescription = "Should never show";
				INFOPLIST_KEY_NSMicrophoneUsageDescription = "should never rshow";
				"INFOPLIST_KEY_UIApplicationSceneManifest_Generation[sdk=iphoneos*]" = YES;
				"INFOPLIST_KEY_UIApplicationSceneManifest_Generation[sdk=iphonesimulator*]" = YES;
				"INFOPLIST_KEY_UIApplicationSupportsIndirectInputEvents[sdk=iphoneos*]" = YES;
				"INFOPLIST_KEY_UIApplicationSupportsIndirectInputEvents[sdk=iphonesimulator*]" = YES;
				"INFOPLIST_KEY_UILaunchScreen_Generation[sdk=iphoneos*]" = YES;
				"INFOPLIST_KEY_UILaunchScreen_Generation[sdk=iphonesimulator*]" = YES;
				"INFOPLIST_KEY_UIStatusBarStyle[sdk=iphoneos*]" = UIStatusBarStyleDefault;
				"INFOPLIST_KEY_UIStatusBarStyle[sdk=iphonesimulator*]" = UIStatusBarStyleDefault;
				INFOPLIST_KEY_UISupportedInterfaceOrientations_iPad = "UIInterfaceOrientationPortrait UIInterfaceOrientationPortraitUpsideDown UIInterfaceOrientationLandscapeLeft UIInterfaceOrientationLandscapeRight";
				INFOPLIST_KEY_UISupportedInterfaceOrientations_iPhone = "UIInterfaceOrientationPortrait UIInterfaceOrientationLandscapeLeft UIInterfaceOrientationLandscapeRight";
				IPHONEOS_DEPLOYMENT_TARGET = 18.0;
				LD_RUNPATH_SEARCH_PATHS = "@executable_path/Frameworks";
				"LD_RUNPATH_SEARCH_PATHS[sdk=macosx*]" = "@executable_path/../Frameworks";
				MACOSX_DEPLOYMENT_TARGET = 14.0;
				MARKETING_VERSION = 1.9;
				PRODUCT_BUNDLE_IDENTIFIER = net.dinglebox.cabinetdoor;
				PRODUCT_NAME = "$(TARGET_NAME)";
				SDKROOT = auto;
				SUPPORTED_PLATFORMS = "iphoneos iphonesimulator";
				SUPPORTS_MACCATALYST = NO;
				SWIFT_EMIT_LOC_STRINGS = YES;
				TARGETED_DEVICE_FAMILY = "1,2";
				XROS_DEPLOYMENT_TARGET = 2.1;
			};
			name = Release;
		};
		A38427EE2D062C8E00271C34 /* Debug */ = {
			isa = XCBuildConfiguration;
			buildSettings = {
				BUNDLE_LOADER = "$(TEST_HOST)";
				CODE_SIGN_STYLE = Automatic;
				DEAD_CODE_STRIPPING = YES;
				GENERATE_INFOPLIST_FILE = YES;
				IPHONEOS_DEPLOYMENT_TARGET = 18.1;
				MACOSX_DEPLOYMENT_TARGET = 14.6;
				PRODUCT_BUNDLE_IDENTIFIER = com.riddimsoftware.epacTests;
				PRODUCT_NAME = "$(TARGET_NAME)";
				SDKROOT = auto;
				SUPPORTED_PLATFORMS = "iphoneos iphonesimulator macosx xros xrsimulator";
				SWIFT_EMIT_LOC_STRINGS = NO;
				SWIFT_VERSION = 5.0;
				TARGETED_DEVICE_FAMILY = "1,2,7";
				TEST_HOST = "$(BUILT_PRODUCTS_DIR)/epac.app/$(BUNDLE_EXECUTABLE_FOLDER_PATH)/epac";
				XROS_DEPLOYMENT_TARGET = 2.1;
			};
			name = Debug;
		};
		A38427EF2D062C8E00271C34 /* Release */ = {
			isa = XCBuildConfiguration;
			buildSettings = {
				BUNDLE_LOADER = "$(TEST_HOST)";
				CODE_SIGN_STYLE = Automatic;
				DEAD_CODE_STRIPPING = YES;
				GENERATE_INFOPLIST_FILE = YES;
				IPHONEOS_DEPLOYMENT_TARGET = 18.1;
				MACOSX_DEPLOYMENT_TARGET = 14.6;
				PRODUCT_BUNDLE_IDENTIFIER = com.riddimsoftware.epacTests;
				PRODUCT_NAME = "$(TARGET_NAME)";
				SDKROOT = auto;
				SUPPORTED_PLATFORMS = "iphoneos iphonesimulator macosx xros xrsimulator";
				SWIFT_EMIT_LOC_STRINGS = NO;
				SWIFT_VERSION = 5.0;
				TARGETED_DEVICE_FAMILY = "1,2,7";
				TEST_HOST = "$(BUILT_PRODUCTS_DIR)/epac.app/$(BUNDLE_EXECUTABLE_FOLDER_PATH)/epac";
				XROS_DEPLOYMENT_TARGET = 2.1;
			};
			name = Release;
		};
		A38427F12D062C8E00271C34 /* Debug */ = {
			isa = XCBuildConfiguration;
			buildSettings = {
				CODE_SIGN_STYLE = Automatic;
				DEAD_CODE_STRIPPING = YES;
				GENERATE_INFOPLIST_FILE = YES;
				IPHONEOS_DEPLOYMENT_TARGET = 18.1;
				MACOSX_DEPLOYMENT_TARGET = 14.6;
				PRODUCT_BUNDLE_IDENTIFIER = com.riddimsoftware.epacUITests;
				PRODUCT_NAME = "$(TARGET_NAME)";
				SDKROOT = auto;
				SUPPORTED_PLATFORMS = "iphoneos iphonesimulator macosx xros xrsimulator";
				SWIFT_EMIT_LOC_STRINGS = NO;
				SWIFT_VERSION = 5.0;
				TARGETED_DEVICE_FAMILY = "1,2,7";
				TEST_TARGET_NAME = epac;
				XROS_DEPLOYMENT_TARGET = 2.1;
			};
			name = Debug;
		};
		A38427F22D062C8E00271C34 /* Release */ = {
			isa = XCBuildConfiguration;
			buildSettings = {
				CODE_SIGN_STYLE = Automatic;
				DEAD_CODE_STRIPPING = YES;
				GENERATE_INFOPLIST_FILE = YES;
				IPHONEOS_DEPLOYMENT_TARGET = 18.1;
				MACOSX_DEPLOYMENT_TARGET = 14.6;
				PRODUCT_BUNDLE_IDENTIFIER = com.riddimsoftware.epacUITests;
				PRODUCT_NAME = "$(TARGET_NAME)";
				SDKROOT = auto;
				SUPPORTED_PLATFORMS = "iphoneos iphonesimulator macosx xros xrsimulator";
				SWIFT_EMIT_LOC_STRINGS = NO;
				SWIFT_VERSION = 5.0;
				TARGETED_DEVICE_FAMILY = "1,2,7";
				TEST_TARGET_NAME = epac;
				XROS_DEPLOYMENT_TARGET = 2.1;
			};
			name = Release;
		};
		A327A9162D18F75B00A2D292 /* Debug (epac-clip) */ = {
			isa = XCBuildConfiguration;
			buildSettings = {
				ASSETCATALOG_COMPILER_APPICON_NAME = AppIcon;
				ASSETCATALOG_COMPILER_GLOBAL_ACCENT_COLOR_NAME = AccentColor;
				CODE_SIGN_ENTITLEMENTS = "epac-clip/epac_clip.entitlements";
				CODE_SIGN_STYLE = Automatic;
				DEAD_CODE_STRIPPING = YES;
				DEVELOPMENT_ASSET_PATHS = "\"epac-clip/Preview Content\"";
				DEVELOPMENT_TEAM = ZG82TFXU3C;
				ENABLE_PREVIEWS = YES;
				GENERATE_INFOPLIST_FILE = YES;
				INFOPLIST_FILE = "epac-clip/Info.plist";
				INFOPLIST_KEY_ITSAppUsesNonExemptEncryption = NO;
				"INFOPLIST_KEY_UIApplicationSceneManifest_Generation[sdk=iphoneos*]" = YES;
				"INFOPLIST_KEY_UIApplicationSceneManifest_Generation[sdk=iphonesimulator*]" = YES;
				"INFOPLIST_KEY_UIApplicationSupportsIndirectInputEvents[sdk=iphoneos*]" = YES;
				"INFOPLIST_KEY_UIApplicationSupportsIndirectInputEvents[sdk=iphonesimulator*]" = YES;
				"INFOPLIST_KEY_UILaunchScreen_Generation[sdk=iphoneos*]" = YES;
				"INFOPLIST_KEY_UILaunchScreen_Generation[sdk=iphonesimulator*]" = YES;
				IPHONEOS_DEPLOYMENT_TARGET = 17.6;
				LD_RUNPATH_SEARCH_PATHS = "@executable_path/Frameworks";
				MARKETING_VERSION = 1.0;
				PRODUCT_BUNDLE_IDENTIFIER = "net.dinglebox.cabinetdoor.Clip";
				PRODUCT_NAME = "$(TARGET_NAME)";
				SDKROOT = iphoneos;
				SUPPORTED_PLATFORMS = "iphoneos iphonesimulator";
				SWIFT_EMIT_LOC_STRINGS = YES;
				SWIFT_VERSION = 6.0;
				TARGETED_DEVICE_FAMILY = "1,2";
			};
			name = Debug;
		};
		A327A9172D18F75B00A2D292 /* Release (epac-clip) */ = {
			isa = XCBuildConfiguration;
			buildSettings = {
				ASSETCATALOG_COMPILER_APPICON_NAME = AppIcon;
				ASSETCATALOG_COMPILER_GLOBAL_ACCENT_COLOR_NAME = AccentColor;
				CODE_SIGN_ENTITLEMENTS = "epac-clip/epac_clip.entitlements";
				CODE_SIGN_STYLE = Automatic;
				DEAD_CODE_STRIPPING = YES;
				DEVELOPMENT_ASSET_PATHS = "\"epac-clip/Preview Content\"";
				DEVELOPMENT_TEAM = ZG82TFXU3C;
				ENABLE_PREVIEWS = YES;
				GENERATE_INFOPLIST_FILE = YES;
				INFOPLIST_FILE = "epac-clip/Info.plist";
				INFOPLIST_KEY_ITSAppUsesNonExemptEncryption = NO;
				"INFOPLIST_KEY_UIApplicationSceneManifest_Generation[sdk=iphoneos*]" = YES;
				"INFOPLIST_KEY_UIApplicationSceneManifest_Generation[sdk=iphonesimulator*]" = YES;
				"INFOPLIST_KEY_UIApplicationSupportsIndirectInputEvents[sdk=iphoneos*]" = YES;
				"INFOPLIST_KEY_UIApplicationSupportsIndirectInputEvents[sdk=iphonesimulator*]" = YES;
				"INFOPLIST_KEY_UILaunchScreen_Generation[sdk=iphoneos*]" = YES;
				"INFOPLIST_KEY_UILaunchScreen_Generation[sdk=iphonesimulator*]" = YES;
				IPHONEOS_DEPLOYMENT_TARGET = 17.6;
				LD_RUNPATH_SEARCH_PATHS = "@executable_path/Frameworks";
				MARKETING_VERSION = 1.0;
				PRODUCT_BUNDLE_IDENTIFIER = "net.dinglebox.cabinetdoor.Clip";
				PRODUCT_NAME = "$(TARGET_NAME)";
				SDKROOT = iphoneos;
				SUPPORTED_PLATFORMS = "iphoneos iphonesimulator";
				SWIFT_EMIT_LOC_STRINGS = YES;
				SWIFT_VERSION = 6.0;
				TARGETED_DEVICE_FAMILY = "1,2";
			};
			name = Release;
		};
		E1232E57AF1A693AF49E9D27 /* Release (epacWatchApp) */ = {
			isa = XCBuildConfiguration;
			buildSettings = {
				CODE_SIGN_ENTITLEMENTS = epacWatchApp/epacWatchApp.entitlements;
				CODE_SIGN_STYLE = Automatic;
				CURRENT_PROJECT_VERSION = 1;
				DEAD_CODE_STRIPPING = YES;
				DEVELOPMENT_TEAM = ZG82TFXU3C;
				ENABLE_PREVIEWS = YES;
				GENERATE_INFOPLIST_FILE = YES;
				INFOPLIST_KEY_CFBundleDisplayName = epac;
				INFOPLIST_KEY_ITSAppUsesNonExemptEncryption = NO;
				INFOPLIST_KEY_WKApplication = YES;
				INFOPLIST_KEY_WKCompanionAppBundleIdentifier = net.dinglebox.cabinetdoor;
				LD_RUNPATH_SEARCH_PATHS = "@executable_path/Frameworks";
				MARKETING_VERSION = 1.0;
				PRODUCT_BUNDLE_IDENTIFIER = net.dinglebox.cabinetdoor.watchkitapp;
				PRODUCT_NAME = "$(TARGET_NAME)";
				SDKROOT = watchos;
				SKIP_INSTALL = NO;
				SUPPORTED_PLATFORMS = "watchos watchsimulator";
				SWIFT_EMIT_LOC_STRINGS = YES;
				SWIFT_VERSION = 6.0;
				TARGETED_DEVICE_FAMILY = 4;
				WATCHOS_DEPLOYMENT_TARGET = 10.0;
			};
			name = Release;
		};
		E1235F7596E0FFE912A36E4D /* Debug (epacComplication) */ = {
			isa = XCBuildConfiguration;
			buildSettings = {
				CODE_SIGN_ENTITLEMENTS = epacComplication/epacComplication.entitlements;
				CODE_SIGN_STYLE = Automatic;
				CURRENT_PROJECT_VERSION = 1;
				DEAD_CODE_STRIPPING = YES;
				DEVELOPMENT_TEAM = ZG82TFXU3C;
				ENABLE_PREVIEWS = YES;
				GENERATE_INFOPLIST_FILE = YES;
				INFOPLIST_KEY_CFBundleDisplayName = "Parliament Today";
				INFOPLIST_KEY_ITSAppUsesNonExemptEncryption = NO;
				INFOPLIST_KEY_NSExtension_NSExtensionPointIdentifier = "com.apple.widgetkit-extension";
				LD_RUNPATH_SEARCH_PATHS = "@executable_path/Frameworks @executable_path/../../Frameworks";
				MARKETING_VERSION = 1.0;
				PRODUCT_BUNDLE_IDENTIFIER = net.dinglebox.cabinetdoor.watchkitapp.epacComplication;
				PRODUCT_NAME = "$(TARGET_NAME)";
				SDKROOT = watchos;
				SKIP_INSTALL = YES;
				SUPPORTED_PLATFORMS = "watchos watchsimulator";
				SWIFT_EMIT_LOC_STRINGS = YES;
				SWIFT_VERSION = 6.0;
				TARGETED_DEVICE_FAMILY = 4;
				WATCHOS_DEPLOYMENT_TARGET = 10.0;
			};
			name = Debug;
		};
		E1238A721A4CA682668CCB26 /* Release (epacComplication) */ = {
			isa = XCBuildConfiguration;
			buildSettings = {
				CODE_SIGN_ENTITLEMENTS = epacComplication/epacComplication.entitlements;
				CODE_SIGN_STYLE = Automatic;
				CURRENT_PROJECT_VERSION = 1;
				DEAD_CODE_STRIPPING = YES;
				DEVELOPMENT_TEAM = ZG82TFXU3C;
				ENABLE_PREVIEWS = YES;
				GENERATE_INFOPLIST_FILE = YES;
				INFOPLIST_KEY_CFBundleDisplayName = "Parliament Today";
				INFOPLIST_KEY_ITSAppUsesNonExemptEncryption = NO;
				INFOPLIST_KEY_NSExtension_NSExtensionPointIdentifier = "com.apple.widgetkit-extension";
				LD_RUNPATH_SEARCH_PATHS = "@executable_path/Frameworks @executable_path/../../Frameworks";
				MARKETING_VERSION = 1.0;
				PRODUCT_BUNDLE_IDENTIFIER = net.dinglebox.cabinetdoor.watchkitapp.epacComplication;
				PRODUCT_NAME = "$(TARGET_NAME)";
				SDKROOT = watchos;
				SKIP_INSTALL = YES;
				SUPPORTED_PLATFORMS = "watchos watchsimulator";
				SWIFT_EMIT_LOC_STRINGS = YES;
				SWIFT_VERSION = 6.0;
				TARGETED_DEVICE_FAMILY = 4;
				WATCHOS_DEPLOYMENT_TARGET = 10.0;
			};
			name = Release;
		};
		E123F1B6E0E440006B138DFC /* Debug (epacWatchApp) */ = {
			isa = XCBuildConfiguration;
			buildSettings = {
				CODE_SIGN_ENTITLEMENTS = epacWatchApp/epacWatchApp.entitlements;
				CODE_SIGN_STYLE = Automatic;
				CURRENT_PROJECT_VERSION = 1;
				DEAD_CODE_STRIPPING = YES;
				DEVELOPMENT_TEAM = ZG82TFXU3C;
				ENABLE_PREVIEWS = YES;
				GENERATE_INFOPLIST_FILE = YES;
				INFOPLIST_KEY_CFBundleDisplayName = epac;
				INFOPLIST_KEY_ITSAppUsesNonExemptEncryption = NO;
				INFOPLIST_KEY_WKApplication = YES;
				INFOPLIST_KEY_WKCompanionAppBundleIdentifier = net.dinglebox.cabinetdoor;
				LD_RUNPATH_SEARCH_PATHS = "@executable_path/Frameworks";
				MARKETING_VERSION = 1.0;
				PRODUCT_BUNDLE_IDENTIFIER = net.dinglebox.cabinetdoor.watchkitapp;
				PRODUCT_NAME = "$(TARGET_NAME)";
				SDKROOT = watchos;
				SKIP_INSTALL = NO;
				SUPPORTED_PLATFORMS = "watchos watchsimulator";
				SWIFT_EMIT_LOC_STRINGS = YES;
				SWIFT_VERSION = 6.0;
				TARGETED_DEVICE_FAMILY = 4;
				WATCHOS_DEPLOYMENT_TARGET = 10.0;
			};
			name = Debug;
		};
/* End XCBuildConfiguration section */

/* Begin XCConfigurationList section */
		A38427BE2D062C8D00271C34 /* Build configuration list for PBXProject "epac" */ = {
			isa = XCConfigurationList;
			buildConfigurations = (
				A38427E82D062C8E00271C34 /* Debug */,
				A38427E92D062C8E00271C34 /* Release */,
			);
			defaultConfigurationIsVisible = 0;
			defaultConfigurationName = Release;
		};
		A38427EA2D062C8E00271C34 /* Build configuration list for PBXNativeTarget "epac" */ = {
			isa = XCConfigurationList;
			buildConfigurations = (
				A38427EB2D062C8E00271C34 /* Debug */,
				A38427EC2D062C8E00271C34 /* Release */,
			);
			defaultConfigurationIsVisible = 0;
			defaultConfigurationName = Release;
		};
		A38427ED2D062C8E00271C34 /* Build configuration list for PBXNativeTarget "epacTests" */ = {
			isa = XCConfigurationList;
			buildConfigurations = (
				A38427EE2D062C8E00271C34 /* Debug */,
				A38427EF2D062C8E00271C34 /* Release */,
			);
			defaultConfigurationIsVisible = 0;
			defaultConfigurationName = Release;
		};
		A38427F02D062C8E00271C34 /* Build configuration list for PBXNativeTarget "epacUITests" */ = {
			isa = XCConfigurationList;
			buildConfigurations = (
				A38427F12D062C8E00271C34 /* Debug */,
				A38427F22D062C8E00271C34 /* Release */,
			);
			defaultConfigurationIsVisible = 0;
			defaultConfigurationName = Release;
		};
		A327A9182D18F75B00A2D292 /* Build configuration list for PBXNativeTarget "epac-clip" */ = {
			isa = XCConfigurationList;
			buildConfigurations = (
				A327A9162D18F75B00A2D292 /* Debug */,
				A327A9172D18F75B00A2D292 /* Release */,
			);
			defaultConfigurationIsVisible = 0;
			defaultConfigurationName = Release;
		};
		E1237CA4DE8D078A51B0D6BC /* Build configuration list for PBXNativeTarget "epacWatchApp" */ = {
			isa = XCConfigurationList;
			buildConfigurations = (
				E123F1B6E0E440006B138DFC /* Debug (epacWatchApp) */,
				E1232E57AF1A693AF49E9D27 /* Release (epacWatchApp) */,
			);
			defaultConfigurationIsVisible = 0;
			defaultConfigurationName = Release;
		};
		E123E0160FCD5F822E57A823 /* Build configuration list for PBXNativeTarget "epacComplication" */ = {
			isa = XCConfigurationList;
			buildConfigurations = (
				E1235F7596E0FFE912A36E4D /* Debug (epacComplication) */,
				E1238A721A4CA682668CCB26 /* Release (epacComplication) */,
			);
			defaultConfigurationIsVisible = 0;
			defaultConfigurationName = Release;
		};
/* End XCConfigurationList section */

/* Begin XCRemoteSwiftPackageReference section */
		A3FADE01DEAD00001DEAD001 /* XCRemoteSwiftPackageReference "swift-snapshot-testing" */ = {
			isa = XCRemoteSwiftPackageReference;
			repositoryURL = "https://github.com/pointfreeco/swift-snapshot-testing";
			requirement = {
				kind = upToNextMajorVersion;
				minimumVersion = 1.17.6;
			};
		};
		A33253CC2F2852E500531242 /* XCRemoteSwiftPackageReference "Chat" */ = {
			isa = XCRemoteSwiftPackageReference;
			repositoryURL = "https://github.com/exyte/Chat";
			requirement = {
				kind = upToNextMajorVersion;
				minimumVersion = 2.7.6;
			};
		};
		A34F7CD02D13ADD70004C905 /* XCRemoteSwiftPackageReference "ActivityView" */ = {
			isa = XCRemoteSwiftPackageReference;
			repositoryURL = "https://github.com/SwiftUI-Plus/ActivityView";
			requirement = {
				kind = upToNextMajorVersion;
				minimumVersion = 1.2.0;
			};
		};
		A36615492D0A24DD00A3FBF7 /* XCRemoteSwiftPackageReference "Kanna" */ = {
			isa = XCRemoteSwiftPackageReference;
			repositoryURL = "https://github.com/tid-kijyun/Kanna";
			requirement = {
				kind = upToNextMajorVersion;
				minimumVersion = 5.3.0;
			};
		};
		A36615822D0A261300A3FBF7 /* XCRemoteSwiftPackageReference "SWXMLHash" */ = {
			isa = XCRemoteSwiftPackageReference;
			repositoryURL = "https://github.com/drmohundro/SWXMLHash";
			requirement = {
				kind = upToNextMajorVersion;
				minimumVersion = 8.1.0;
			};
		};
		A38138C32DD39D6F0062421F /* XCRemoteSwiftPackageReference "HorizonCalendar" */ = {
			isa = XCRemoteSwiftPackageReference;
			repositoryURL = "https://github.com/airbnb/HorizonCalendar";
			requirement = {
				kind = upToNextMajorVersion;
				minimumVersion = 2.0.0;
			};
		};
		A3D5168E2DE4FD4C00148AA8 /* XCRemoteSwiftPackageReference "swift-log" */ = {
			isa = XCRemoteSwiftPackageReference;
			repositoryURL = "https://github.com/apple/swift-log";
			requirement = {
				kind = upToNextMajorVersion;
				minimumVersion = 1.6.3;
			};
		};
		A3DEAD0BEEF00000CAFE0001 /* XCRemoteSwiftPackageReference "sentry-cocoa" */ = {
			isa = XCRemoteSwiftPackageReference;
			repositoryURL = "https://github.com/getsentry/sentry-cocoa.git";
			requirement = {
				kind = upToNextMajorVersion;
				minimumVersion = 8.0.0;
			};
		};
		A3E71D000000000000000001 /* XCRemoteSwiftPackageReference "evidence" */ = {
			isa = XCRemoteSwiftPackageReference;
			repositoryURL = "https://github.com/RiddimSoftware/evidence";
			requirement = {
				branch = main;
				kind = branch;
			};
		};
/* End XCRemoteSwiftPackageReference section */

/* Begin XCSwiftPackageProductDependency section */
		A33253CD2F2852E500531242 /* ExyteChat */ = {
			isa = XCSwiftPackageProductDependency;
			package = A33253CC2F2852E500531242 /* XCRemoteSwiftPackageReference "Chat" */;
			productName = ExyteChat;
		};
		A34F7CD12D13ADD70004C905 /* ActivityView */ = {
			isa = XCSwiftPackageProductDependency;
			package = A34F7CD02D13ADD70004C905 /* XCRemoteSwiftPackageReference "ActivityView" */;
			productName = ActivityView;
		};
		A366154A2D0A24DD00A3FBF7 /* Kanna */ = {
			isa = XCSwiftPackageProductDependency;
			package = A36615492D0A24DD00A3FBF7 /* XCRemoteSwiftPackageReference "Kanna" */;
			productName = Kanna;
		};
		A36615832D0A261300A3FBF7 /* SWXMLHash */ = {
			isa = XCSwiftPackageProductDependency;
			package = A36615822D0A261300A3FBF7 /* XCRemoteSwiftPackageReference "SWXMLHash" */;
			productName = SWXMLHash;
		};
		A38138C42DD39D6F0062421F /* HorizonCalendar */ = {
			isa = XCSwiftPackageProductDependency;
			package = A38138C32DD39D6F0062421F /* XCRemoteSwiftPackageReference "HorizonCalendar" */;
			productName = HorizonCalendar;
		};
		A3D5168F2DE4FD4C00148AA8 /* Logging */ = {
			isa = XCSwiftPackageProductDependency;
			package = A3D5168E2DE4FD4C00148AA8 /* XCRemoteSwiftPackageReference "swift-log" */;
			productName = Logging;
		};
		A3FADE01DEAD00001DEAD002 /* SnapshotTesting */ = {
			isa = XCSwiftPackageProductDependency;
			package = A3FADE01DEAD00001DEAD001 /* XCRemoteSwiftPackageReference "swift-snapshot-testing" */;
			productName = SnapshotTesting;
		};
		A3DEAD0BEEF00000CAFE0002 /* Sentry */ = {
			isa = XCSwiftPackageProductDependency;
			package = A3DEAD0BEEF00000CAFE0001 /* XCRemoteSwiftPackageReference "sentry-cocoa" */;
			productName = Sentry;
		};
		A3E71D000000000000000002 /* Evidence */ = {
			isa = XCSwiftPackageProductDependency;
			package = A3E71D000000000000000001 /* XCRemoteSwiftPackageReference "evidence" */;
			productName = Evidence;
		};
/* End XCSwiftPackageProductDependency section */
	};
	rootObject = A38427BB2D062C8D00271C34 /* Project object */;
}
