{
  "originHash" : "0a5474084d0ba73a841d19d008d832d3211afa945a690e56fdafd6749fc3abaa",
  "pins" : [
    {
      "identity" : "kanna",
      "kind" : "remoteSourceControl",
      "location" : "https://github.com/tid-kijyun/Kanna",
      "state" : {
        "revision" : "41c3d28ea0eac07e4551b28def9de1ede702e739",
        "version" : "5.3.0"
      }
    },
    {
      "identity" : "swxmlhash",
      "kind" : "remoteSourceControl",
      "location" : "https://github.com/drmohundro/SWXMLHash",
      "state" : {
        "revision" : "6ae7b83692c4a2ed53ea2cb0e6cda20768800a99",
        "version" : "8.1.0"
      }
    }
  ],
  "version" : 3
}
